[0m[1mrandom_string.suffix: Refreshing state... [id=adeh9pwn][0m
[0m[1mdata.aws_iam_policy.ebs_csi_policy: Reading...[0m[0m
[0m[1mmodule.irsa-ebs-csi.data.aws_partition.current: Reading...[0m[0m
[0m[1mmodule.eks.data.aws_iam_policy_document.assume_role_policy[0]: Reading...[0m[0m
[0m[1mmodule.eks.module.eks_managed_node_group["two"].data.aws_caller_identity.current: Reading...[0m[0m
[0m[1mmodule.eks.module.kms.data.aws_caller_identity.current[0]: Reading...[0m[0m
[0m[1mmodule.eks.data.aws_partition.current: Reading...[0m[0m
[0m[1mmodule.eks.module.kms.data.aws_partition.current[0]: Reading...[0m[0m
[0m[1mmodule.eks.module.eks_managed_node_group["one"].data.aws_caller_identity.current: Reading...[0m[0m
[0m[1mmodule.eks.data.aws_caller_identity.current: Reading...[0m[0m
[0m[1mmodule.irsa-ebs-csi.data.aws_partition.current: Read complete after 0s [id=aws][0m
[0m[1mmodule.eks.aws_cloudwatch_log_group.this[0]: Refreshing state... [id=/aws/eks/ruyffelaert-eks-adeh9pwn/cluster][0m
[0m[1mmodule.eks.module.kms.data.aws_partition.current[0]: Read complete after 0s [id=aws][0m
[0m[1mmodule.eks.data.aws_iam_policy_document.assume_role_policy[0]: Read complete after 0s [id=2764486067][0m
[0m[1mmodule.eks.module.eks_managed_node_group["two"].data.aws_partition.current: Reading...[0m[0m
[0m[1mmodule.eks.data.aws_partition.current: Read complete after 0s [id=aws][0m
[0m[1mmodule.eks.module.eks_managed_node_group["one"].data.aws_partition.current: Reading...[0m[0m
[0m[1mmodule.eks.module.eks_managed_node_group["two"].data.aws_partition.current: Read complete after 0s [id=aws][0m
[0m[1mmodule.eks.module.eks_managed_node_group["one"].data.aws_partition.current: Read complete after 0s [id=aws][0m
[0m[1mdata.aws_availability_zones.available: Reading...[0m[0m
[0m[1mmodule.irsa-ebs-csi.data.aws_caller_identity.current: Reading...[0m[0m
[0m[1mmodule.eks.module.eks_managed_node_group["one"].data.aws_iam_policy_document.assume_role_policy[0]: Reading...[0m[0m
[0m[1mmodule.eks.module.eks_managed_node_group["one"].data.aws_iam_policy_document.assume_role_policy[0]: Read complete after 0s [id=2560088296][0m
[0m[1mmodule.eks.module.eks_managed_node_group["two"].data.aws_iam_policy_document.assume_role_policy[0]: Reading...[0m[0m
[0m[1mmodule.eks.aws_iam_role.this[0]: Refreshing state... [id=ruyffelaert-eks-adeh9pwn-cluster-20241217173652522000000002][0m
[0m[1mmodule.eks.module.eks_managed_node_group["two"].data.aws_iam_policy_document.assume_role_policy[0]: Read complete after 0s [id=2560088296][0m
[0m[1mmodule.eks.module.eks_managed_node_group["one"].aws_iam_role.this[0]: Refreshing state... [id=node-group-1-eks-node-group-20241217173652522000000003][0m
[0m[1mmodule.eks.module.eks_managed_node_group["one"].data.aws_caller_identity.current: Read complete after 0s [id=601427279990][0m
[0m[1mmodule.eks.module.eks_managed_node_group["two"].aws_iam_role.this[0]: Refreshing state... [id=node-group-2-eks-node-group-20241217173652521900000001][0m
[0m[1mmodule.eks.module.kms.data.aws_caller_identity.current[0]: Read complete after 0s [id=601427279990][0m
[0m[1mmodule.eks.data.aws_caller_identity.current: Read complete after 0s [id=601427279990][0m
[0m[1mmodule.eks.data.aws_iam_session_context.current: Reading...[0m[0m
[0m[1mmodule.eks.data.aws_iam_session_context.current: Read complete after 0s [id=arn:aws:iam::601427279990:user/ruyffelaert-admin][0m
[0m[1mmodule.eks.module.eks_managed_node_group["two"].data.aws_caller_identity.current: Read complete after 0s [id=601427279990][0m
[0m[1mmodule.irsa-ebs-csi.data.aws_caller_identity.current: Read complete after 0s [id=601427279990][0m
[0m[1mdata.aws_availability_zones.available: Read complete after 0s [id=ca-central-1][0m
[0m[1mdata.aws_iam_policy.ebs_csi_policy: Read complete after 0s [id=arn:aws:iam::aws:policy/service-role/AmazonEBSCSIDriverPolicy][0m
[0m[1mmodule.eks.module.eks_managed_node_group["one"].aws_iam_role_policy_attachment.this["AmazonEKSWorkerNodePolicy"]: Refreshing state... [id=node-group-1-eks-node-group-20241217173652522000000003-20241217173652947500000006][0m
[0m[1mmodule.eks.module.eks_managed_node_group["one"].aws_iam_role_policy_attachment.this["AmazonEC2ContainerRegistryReadOnly"]: Refreshing state... [id=node-group-1-eks-node-group-20241217173652522000000003-20241217173653020800000009][0m
[0m[1mmodule.eks.module.eks_managed_node_group["two"].aws_iam_role_policy_attachment.this["AmazonEKSWorkerNodePolicy"]: Refreshing state... [id=node-group-2-eks-node-group-20241217173652521900000001-20241217173652937400000005][0m
[0m[1mmodule.eks.module.eks_managed_node_group["two"].aws_iam_role_policy_attachment.this["AmazonEKS_CNI_Policy"]: Refreshing state... [id=node-group-2-eks-node-group-20241217173652521900000001-20241217173653004000000008][0m
[0m[1mmodule.eks.module.eks_managed_node_group["two"].aws_iam_role_policy_attachment.this["AmazonEC2ContainerRegistryReadOnly"]: Refreshing state... [id=node-group-2-eks-node-group-20241217173652521900000001-20241217173652937300000004][0m
[0m[1mmodule.eks.module.eks_managed_node_group["one"].aws_iam_role_policy_attachment.this["AmazonEKS_CNI_Policy"]: Refreshing state... [id=node-group-1-eks-node-group-20241217173652522000000003-20241217173652999100000007][0m
[0m[1mmodule.eks.aws_iam_role_policy_attachment.this["AmazonEKSClusterPolicy"]: Refreshing state... [id=ruyffelaert-eks-adeh9pwn-cluster-20241217173652522000000002-2024121717365312920000000b][0m
[0m[1mmodule.eks.aws_iam_role_policy_attachment.this["AmazonEKSVPCResourceController"]: Refreshing state... [id=ruyffelaert-eks-adeh9pwn-cluster-20241217173652522000000002-2024121717365310820000000a][0m
[0m[1mmodule.eks.module.kms.data.aws_iam_policy_document.this[0]: Reading...[0m[0m
[0m[1mmodule.eks.module.kms.data.aws_iam_policy_document.this[0]: Read complete after 0s [id=130472955][0m
[0m[1mmodule.eks.module.kms.aws_kms_key.this[0]: Refreshing state... [id=2600ff94-d18f-43fe-9dcc-0b72cfc58ed4][0m
[0m[1mmodule.eks.module.kms.aws_kms_alias.this["cluster"]: Refreshing state... [id=alias/eks/ruyffelaert-eks-adeh9pwn][0m
[0m[1mmodule.eks.aws_iam_policy.cluster_encryption[0]: Refreshing state... [id=arn:aws:iam::601427279990:policy/ruyffelaert-eks-adeh9pwn-cluster-ClusterEncryption2024121717371542390000000c][0m
[0m[1mmodule.eks.aws_iam_role_policy_attachment.cluster_encryption[0]: Refreshing state... [id=ruyffelaert-eks-adeh9pwn-cluster-20241217173652522000000002-2024121717371580970000000d][0m

[1m[36mNote:[0m[1m Objects have changed outside of Terraform
[0m
Terraform detected the following changes made outside of Terraform since the
last "terraform apply" which may have affected this plan:

[1m  # module.eks.aws_cloudwatch_log_group.this[0][0m has been deleted
[0m  [31m-[0m[0m resource "aws_cloudwatch_log_group" "this" {
      [31m-[0m[0m arn               = "arn:aws:logs:us-west-2:601427279990:log-group:/aws/eks/ruyffelaert-eks-adeh9pwn/cluster" [90m-> null[0m[0m
        id                = "/aws/eks/ruyffelaert-eks-adeh9pwn/cluster"
      [31m-[0m[0m name              = "/aws/eks/ruyffelaert-eks-adeh9pwn/cluster" [90m-> null[0m[0m
        tags              = {
            "Name" = "/aws/eks/ruyffelaert-eks-adeh9pwn/cluster"
        }
        [90m# (6 unchanged attributes hidden)[0m[0m
    }

[1m  # module.eks.module.kms.aws_kms_key.this[0][0m has been deleted
[0m  [31m-[0m[0m resource "aws_kms_key" "this" {
      [31m-[0m[0m arn                                = "arn:aws:kms:us-west-2:601427279990:key/2600ff94-d18f-43fe-9dcc-0b72cfc58ed4" [90m-> null[0m[0m
        id                                 = "2600ff94-d18f-43fe-9dcc-0b72cfc58ed4"
      [31m-[0m[0m key_id                             = "2600ff94-d18f-43fe-9dcc-0b72cfc58ed4" [90m-> null[0m[0m
      [31m-[0m[0m policy                             = jsonencode(
            {
              [31m-[0m[0m Statement = [
                  [31m-[0m[0m {
                      [31m-[0m[0m Action    = "kms:*"
                      [31m-[0m[0m Effect    = "Allow"
                      [31m-[0m[0m Principal = {
                          [31m-[0m[0m AWS = "arn:aws:iam::601427279990:root"
                        }
                      [31m-[0m[0m Resource  = "*"
                      [31m-[0m[0m Sid       = "Default"
                    },
                  [31m-[0m[0m {
                      [31m-[0m[0m Action    = [
                          [31m-[0m[0m "kms:Update*",
                          [31m-[0m[0m "kms:UntagResource",
                          [31m-[0m[0m "kms:TagResource",
                          [31m-[0m[0m "kms:ScheduleKeyDeletion",
                          [31m-[0m[0m "kms:Revoke*",
                          [31m-[0m[0m "kms:ReplicateKey",
                          [31m-[0m[0m "kms:Put*",
                          [31m-[0m[0m "kms:List*",
                          [31m-[0m[0m "kms:ImportKeyMaterial",
                          [31m-[0m[0m "kms:Get*",
                          [31m-[0m[0m "kms:Enable*",
                          [31m-[0m[0m "kms:Disable*",
                          [31m-[0m[0m "kms:Describe*",
                          [31m-[0m[0m "kms:Delete*",
                          [31m-[0m[0m "kms:Create*",
                          [31m-[0m[0m "kms:CancelKeyDeletion",
                        ]
                      [31m-[0m[0m Effect    = "Allow"
                      [31m-[0m[0m Principal = {
                          [31m-[0m[0m AWS = "arn:aws:iam::601427279990:user/ruyffelaert-admin"
                        }
                      [31m-[0m[0m Resource  = "*"
                      [31m-[0m[0m Sid       = "KeyAdministration"
                    },
                  [31m-[0m[0m {
                      [31m-[0m[0m Action    = [
                          [31m-[0m[0m "kms:ReEncrypt*",
                          [31m-[0m[0m "kms:GenerateDataKey*",
                          [31m-[0m[0m "kms:Encrypt",
                          [31m-[0m[0m "kms:DescribeKey",
                          [31m-[0m[0m "kms:Decrypt",
                        ]
                      [31m-[0m[0m Effect    = "Allow"
                      [31m-[0m[0m Principal = {
                          [31m-[0m[0m AWS = "arn:aws:iam::601427279990:role/ruyffelaert-eks-adeh9pwn-cluster-20241217173652522000000002"
                        }
                      [31m-[0m[0m Resource  = "*"
                      [31m-[0m[0m Sid       = "KeyUsage"
                    },
                ]
              [31m-[0m[0m Version   = "2012-10-17"
            }
        ) [90m-> null[0m[0m
        tags                               = {
            "terraform-aws-modules" = "eks"
        }
        [90m# (10 unchanged attributes hidden)[0m[0m
    }


Unless you have made equivalent changes to your configuration, or ignored the
relevant attributes using ignore_changes, the following plan may include
actions to undo or respond to these changes.
[90m
─────────────────────────────────────────────────────────────────────────────[0m

Terraform used the selected providers to generate the following execution
plan. Resource actions are indicated with the following symbols:
  [32m+[0m create[0m
  [33m~[0m update in-place[0m
 [36m<=[0m read (data resources)[0m

Terraform will perform the following actions:

[1m  # module.eks.data.aws_eks_addon_version.this["aws-ebs-csi-driver"][0m will be read during apply
  # (depends on a resource or a module with changes pending)
[0m [36m<=[0m[0m data "aws_eks_addon_version" "this" {
      [32m+[0m[0m addon_name         = "aws-ebs-csi-driver"
      [32m+[0m[0m id                 = (known after apply)
      [32m+[0m[0m kubernetes_version = "1.29"
      [32m+[0m[0m version            = (known after apply)
    }

[1m  # module.eks.data.tls_certificate.this[0][0m will be read during apply
  # (config refers to values not yet known)
[0m [36m<=[0m[0m data "tls_certificate" "this" {
      [32m+[0m[0m certificates = (known after apply)
      [32m+[0m[0m id           = (known after apply)
      [32m+[0m[0m url          = (known after apply)
    }

[1m  # module.eks.aws_cloudwatch_log_group.this[0][0m will be created
[0m  [32m+[0m[0m resource "aws_cloudwatch_log_group" "this" {
      [32m+[0m[0m arn               = (known after apply)
      [32m+[0m[0m id                = (known after apply)
      [32m+[0m[0m log_group_class   = (known after apply)
      [32m+[0m[0m name              = "/aws/eks/ruyffelaert-eks-adeh9pwn/cluster"
      [32m+[0m[0m name_prefix       = (known after apply)
      [32m+[0m[0m retention_in_days = 90
      [32m+[0m[0m skip_destroy      = false
      [32m+[0m[0m tags              = {
          [32m+[0m[0m "Name" = "/aws/eks/ruyffelaert-eks-adeh9pwn/cluster"
        }
      [32m+[0m[0m tags_all          = {
          [32m+[0m[0m "Name" = "/aws/eks/ruyffelaert-eks-adeh9pwn/cluster"
        }
    }

[1m  # module.eks.aws_eks_access_entry.this["cluster_creator"][0m will be created
[0m  [32m+[0m[0m resource "aws_eks_access_entry" "this" {
      [32m+[0m[0m access_entry_arn  = (known after apply)
      [32m+[0m[0m cluster_name      = "ruyffelaert-eks-adeh9pwn"
      [32m+[0m[0m created_at        = (known after apply)
      [32m+[0m[0m id                = (known after apply)
      [32m+[0m[0m kubernetes_groups = (known after apply)
      [32m+[0m[0m modified_at       = (known after apply)
      [32m+[0m[0m principal_arn     = "arn:aws:iam::601427279990:user/ruyffelaert-admin"
      [32m+[0m[0m tags_all          = (known after apply)
      [32m+[0m[0m type              = "STANDARD"
      [32m+[0m[0m user_name         = (known after apply)
    }

[1m  # module.eks.aws_eks_access_policy_association.this["cluster_creator_admin"][0m will be created
[0m  [32m+[0m[0m resource "aws_eks_access_policy_association" "this" {
      [32m+[0m[0m associated_at = (known after apply)
      [32m+[0m[0m cluster_name  = "ruyffelaert-eks-adeh9pwn"
      [32m+[0m[0m id            = (known after apply)
      [32m+[0m[0m modified_at   = (known after apply)
      [32m+[0m[0m policy_arn    = "arn:aws:eks::aws:cluster-access-policy/AmazonEKSClusterAdminPolicy"
      [32m+[0m[0m principal_arn = "arn:aws:iam::601427279990:user/ruyffelaert-admin"

      [32m+[0m[0m access_scope {
          [32m+[0m[0m type = "cluster"
        }
    }

[1m  # module.eks.aws_eks_addon.this["aws-ebs-csi-driver"][0m will be created
[0m  [32m+[0m[0m resource "aws_eks_addon" "this" {
      [32m+[0m[0m addon_name                  = "aws-ebs-csi-driver"
      [32m+[0m[0m addon_version               = (known after apply)
      [32m+[0m[0m arn                         = (known after apply)
      [32m+[0m[0m cluster_name                = "ruyffelaert-eks-adeh9pwn"
      [32m+[0m[0m configuration_values        = (known after apply)
      [32m+[0m[0m created_at                  = (known after apply)
      [32m+[0m[0m id                          = (known after apply)
      [32m+[0m[0m modified_at                 = (known after apply)
      [32m+[0m[0m preserve                    = true
      [32m+[0m[0m resolve_conflicts_on_create = "OVERWRITE"
      [32m+[0m[0m resolve_conflicts_on_update = "OVERWRITE"
      [32m+[0m[0m service_account_role_arn    = (known after apply)
      [32m+[0m[0m tags_all                    = (known after apply)

      [32m+[0m[0m timeouts {}
    }

[1m  # module.eks.aws_eks_cluster.this[0][0m will be created
[0m  [32m+[0m[0m resource "aws_eks_cluster" "this" {
      [32m+[0m[0m arn                       = (known after apply)
      [32m+[0m[0m certificate_authority     = (known after apply)
      [32m+[0m[0m cluster_id                = (known after apply)
      [32m+[0m[0m created_at                = (known after apply)
      [32m+[0m[0m enabled_cluster_log_types = [
          [32m+[0m[0m "api",
          [32m+[0m[0m "audit",
          [32m+[0m[0m "authenticator",
        ]
      [32m+[0m[0m endpoint                  = (known after apply)
      [32m+[0m[0m id                        = (known after apply)
      [32m+[0m[0m identity                  = (known after apply)
      [32m+[0m[0m name                      = "ruyffelaert-eks-adeh9pwn"
      [32m+[0m[0m platform_version          = (known after apply)
      [32m+[0m[0m role_arn                  = "arn:aws:iam::601427279990:role/ruyffelaert-eks-adeh9pwn-cluster-20241217173652522000000002"
      [32m+[0m[0m status                    = (known after apply)
      [32m+[0m[0m tags                      = {
          [32m+[0m[0m "terraform-aws-modules" = "eks"
        }
      [32m+[0m[0m tags_all                  = {
          [32m+[0m[0m "terraform-aws-modules" = "eks"
        }
      [32m+[0m[0m version                   = "1.29"

      [32m+[0m[0m access_config {
          [32m+[0m[0m authentication_mode                         = "API_AND_CONFIG_MAP"
          [32m+[0m[0m bootstrap_cluster_creator_admin_permissions = false
        }

      [32m+[0m[0m encryption_config {
          [32m+[0m[0m resources = [
              [32m+[0m[0m "secrets",
            ]

          [32m+[0m[0m provider {
              [32m+[0m[0m key_arn = (known after apply)
            }
        }

      [32m+[0m[0m kubernetes_network_config {
          [32m+[0m[0m ip_family         = "ipv4"
          [32m+[0m[0m service_ipv4_cidr = (known after apply)
          [32m+[0m[0m service_ipv6_cidr = (known after apply)
        }

      [32m+[0m[0m timeouts {}

      [32m+[0m[0m vpc_config {
          [32m+[0m[0m cluster_security_group_id = (known after apply)
          [32m+[0m[0m endpoint_private_access   = true
          [32m+[0m[0m endpoint_public_access    = true
          [32m+[0m[0m public_access_cidrs       = [
              [32m+[0m[0m "0.0.0.0/0",
            ]
          [32m+[0m[0m security_group_ids        = (known after apply)
          [32m+[0m[0m subnet_ids                = (known after apply)
          [32m+[0m[0m vpc_id                    = (known after apply)
        }
    }

[1m  # module.eks.aws_iam_openid_connect_provider.oidc_provider[0][0m will be created
[0m  [32m+[0m[0m resource "aws_iam_openid_connect_provider" "oidc_provider" {
      [32m+[0m[0m arn             = (known after apply)
      [32m+[0m[0m client_id_list  = [
          [32m+[0m[0m "sts.amazonaws.com",
        ]
      [32m+[0m[0m id              = (known after apply)
      [32m+[0m[0m tags            = {
          [32m+[0m[0m "Name" = "ruyffelaert-eks-adeh9pwn-eks-irsa"
        }
      [32m+[0m[0m tags_all        = {
          [32m+[0m[0m "Name" = "ruyffelaert-eks-adeh9pwn-eks-irsa"
        }
      [32m+[0m[0m thumbprint_list = (known after apply)
      [32m+[0m[0m url             = (known after apply)
    }

[1m  # module.eks.aws_iam_policy.cluster_encryption[0][0m will be updated in-place
[0m  [33m~[0m[0m resource "aws_iam_policy" "cluster_encryption" {
        id               = "arn:aws:iam::601427279990:policy/ruyffelaert-eks-adeh9pwn-cluster-ClusterEncryption2024121717371542390000000c"
        name             = "ruyffelaert-eks-adeh9pwn-cluster-ClusterEncryption2024121717371542390000000c"
      [33m~[0m[0m policy           = jsonencode(
            {
              [31m-[0m[0m Statement = [
                  [31m-[0m[0m {
                      [31m-[0m[0m Action   = [
                          [31m-[0m[0m "kms:Encrypt",
                          [31m-[0m[0m "kms:Decrypt",
                          [31m-[0m[0m "kms:ListGrants",
                          [31m-[0m[0m "kms:DescribeKey",
                        ]
                      [31m-[0m[0m Effect   = "Allow"
                      [31m-[0m[0m Resource = "arn:aws:kms:us-west-2:601427279990:key/2600ff94-d18f-43fe-9dcc-0b72cfc58ed4"
                    },
                ]
              [31m-[0m[0m Version   = "2012-10-17"
            }
        ) -> (known after apply)
        tags             = {}
        [90m# (7 unchanged attributes hidden)[0m[0m
    }

[1m  # module.eks.aws_iam_role.this[0][0m will be updated in-place
[0m  [33m~[0m[0m resource "aws_iam_role" "this" {
        id                    = "ruyffelaert-eks-adeh9pwn-cluster-20241217173652522000000002"
        name                  = "ruyffelaert-eks-adeh9pwn-cluster-20241217173652522000000002"
      [33m~[0m[0m tags                  = {
          [31m-[0m[0m "PrincipalId" = "AIDAYYB64AB3COXNGGJUD" [90m-> null[0m[0m
          [31m-[0m[0m "User"        = "ruyffelaert-admin" [90m-> null[0m[0m
        }
      [33m~[0m[0m tags_all              = {
          [31m-[0m[0m "PrincipalId" = "AIDAYYB64AB3COXNGGJUD" [90m-> null[0m[0m
          [31m-[0m[0m "User"        = "ruyffelaert-admin" [90m-> null[0m[0m
        }
        [90m# (11 unchanged attributes hidden)[0m[0m

        [90m# (1 unchanged block hidden)[0m[0m
    }

[1m  # module.eks.aws_security_group.cluster[0][0m will be created
[0m  [32m+[0m[0m resource "aws_security_group" "cluster" {
      [32m+[0m[0m arn                    = (known after apply)
      [32m+[0m[0m description            = "EKS cluster security group"
      [32m+[0m[0m egress                 = (known after apply)
      [32m+[0m[0m id                     = (known after apply)
      [32m+[0m[0m ingress                = (known after apply)
      [32m+[0m[0m name                   = (known after apply)
      [32m+[0m[0m name_prefix            = "ruyffelaert-eks-adeh9pwn-cluster-"
      [32m+[0m[0m owner_id               = (known after apply)
      [32m+[0m[0m revoke_rules_on_delete = false
      [32m+[0m[0m tags                   = {
          [32m+[0m[0m "Name" = "ruyffelaert-eks-adeh9pwn-cluster"
        }
      [32m+[0m[0m tags_all               = {
          [32m+[0m[0m "Name" = "ruyffelaert-eks-adeh9pwn-cluster"
        }
      [32m+[0m[0m vpc_id                 = (known after apply)
    }

[1m  # module.eks.aws_security_group.node[0][0m will be created
[0m  [32m+[0m[0m resource "aws_security_group" "node" {
      [32m+[0m[0m arn                    = (known after apply)
      [32m+[0m[0m description            = "EKS node shared security group"
      [32m+[0m[0m egress                 = (known after apply)
      [32m+[0m[0m id                     = (known after apply)
      [32m+[0m[0m ingress                = (known after apply)
      [32m+[0m[0m name                   = (known after apply)
      [32m+[0m[0m name_prefix            = "ruyffelaert-eks-adeh9pwn-node-"
      [32m+[0m[0m owner_id               = (known after apply)
      [32m+[0m[0m revoke_rules_on_delete = false
      [32m+[0m[0m tags                   = {
          [32m+[0m[0m "Name"                                           = "ruyffelaert-eks-adeh9pwn-node"
          [32m+[0m[0m "kubernetes.io/cluster/ruyffelaert-eks-adeh9pwn" = "owned"
        }
      [32m+[0m[0m tags_all               = {
          [32m+[0m[0m "Name"                                           = "ruyffelaert-eks-adeh9pwn-node"
          [32m+[0m[0m "kubernetes.io/cluster/ruyffelaert-eks-adeh9pwn" = "owned"
        }
      [32m+[0m[0m vpc_id                 = (known after apply)
    }

[1m  # module.eks.aws_security_group_rule.cluster["ingress_nodes_443"][0m will be created
[0m  [32m+[0m[0m resource "aws_security_group_rule" "cluster" {
      [32m+[0m[0m description              = "Node groups to cluster API"
      [32m+[0m[0m from_port                = 443
      [32m+[0m[0m id                       = (known after apply)
      [32m+[0m[0m protocol                 = "tcp"
      [32m+[0m[0m security_group_id        = (known after apply)
      [32m+[0m[0m security_group_rule_id   = (known after apply)
      [32m+[0m[0m self                     = false
      [32m+[0m[0m source_security_group_id = (known after apply)
      [32m+[0m[0m to_port                  = 443
      [32m+[0m[0m type                     = "ingress"
    }

[1m  # module.eks.aws_security_group_rule.node["egress_all"][0m will be created
[0m  [32m+[0m[0m resource "aws_security_group_rule" "node" {
      [32m+[0m[0m cidr_blocks              = [
          [32m+[0m[0m "0.0.0.0/0",
        ]
      [32m+[0m[0m description              = "Allow all egress"
      [32m+[0m[0m from_port                = 0
      [32m+[0m[0m id                       = (known after apply)
      [32m+[0m[0m prefix_list_ids          = []
      [32m+[0m[0m protocol                 = "-1"
      [32m+[0m[0m security_group_id        = (known after apply)
      [32m+[0m[0m security_group_rule_id   = (known after apply)
      [32m+[0m[0m self                     = false
      [32m+[0m[0m source_security_group_id = (known after apply)
      [32m+[0m[0m to_port                  = 0
      [32m+[0m[0m type                     = "egress"
    }

[1m  # module.eks.aws_security_group_rule.node["ingress_cluster_443"][0m will be created
[0m  [32m+[0m[0m resource "aws_security_group_rule" "node" {
      [32m+[0m[0m description              = "Cluster API to node groups"
      [32m+[0m[0m from_port                = 443
      [32m+[0m[0m id                       = (known after apply)
      [32m+[0m[0m prefix_list_ids          = []
      [32m+[0m[0m protocol                 = "tcp"
      [32m+[0m[0m security_group_id        = (known after apply)
      [32m+[0m[0m security_group_rule_id   = (known after apply)
      [32m+[0m[0m self                     = false
      [32m+[0m[0m source_security_group_id = (known after apply)
      [32m+[0m[0m to_port                  = 443
      [32m+[0m[0m type                     = "ingress"
    }

[1m  # module.eks.aws_security_group_rule.node["ingress_cluster_4443_webhook"][0m will be created
[0m  [32m+[0m[0m resource "aws_security_group_rule" "node" {
      [32m+[0m[0m description              = "Cluster API to node 4443/tcp webhook"
      [32m+[0m[0m from_port                = 4443
      [32m+[0m[0m id                       = (known after apply)
      [32m+[0m[0m prefix_list_ids          = []
      [32m+[0m[0m protocol                 = "tcp"
      [32m+[0m[0m security_group_id        = (known after apply)
      [32m+[0m[0m security_group_rule_id   = (known after apply)
      [32m+[0m[0m self                     = false
      [32m+[0m[0m source_security_group_id = (known after apply)
      [32m+[0m[0m to_port                  = 4443
      [32m+[0m[0m type                     = "ingress"
    }

[1m  # module.eks.aws_security_group_rule.node["ingress_cluster_6443_webhook"][0m will be created
[0m  [32m+[0m[0m resource "aws_security_group_rule" "node" {
      [32m+[0m[0m description              = "Cluster API to node 6443/tcp webhook"
      [32m+[0m[0m from_port                = 6443
      [32m+[0m[0m id                       = (known after apply)
      [32m+[0m[0m prefix_list_ids          = []
      [32m+[0m[0m protocol                 = "tcp"
      [32m+[0m[0m security_group_id        = (known after apply)
      [32m+[0m[0m security_group_rule_id   = (known after apply)
      [32m+[0m[0m self                     = false
      [32m+[0m[0m source_security_group_id = (known after apply)
      [32m+[0m[0m to_port                  = 6443
      [32m+[0m[0m type                     = "ingress"
    }

[1m  # module.eks.aws_security_group_rule.node["ingress_cluster_8443_webhook"][0m will be created
[0m  [32m+[0m[0m resource "aws_security_group_rule" "node" {
      [32m+[0m[0m description              = "Cluster API to node 8443/tcp webhook"
      [32m+[0m[0m from_port                = 8443
      [32m+[0m[0m id                       = (known after apply)
      [32m+[0m[0m prefix_list_ids          = []
      [32m+[0m[0m protocol                 = "tcp"
      [32m+[0m[0m security_group_id        = (known after apply)
      [32m+[0m[0m security_group_rule_id   = (known after apply)
      [32m+[0m[0m self                     = false
      [32m+[0m[0m source_security_group_id = (known after apply)
      [32m+[0m[0m to_port                  = 8443
      [32m+[0m[0m type                     = "ingress"
    }

[1m  # module.eks.aws_security_group_rule.node["ingress_cluster_9443_webhook"][0m will be created
[0m  [32m+[0m[0m resource "aws_security_group_rule" "node" {
      [32m+[0m[0m description              = "Cluster API to node 9443/tcp webhook"
      [32m+[0m[0m from_port                = 9443
      [32m+[0m[0m id                       = (known after apply)
      [32m+[0m[0m prefix_list_ids          = []
      [32m+[0m[0m protocol                 = "tcp"
      [32m+[0m[0m security_group_id        = (known after apply)
      [32m+[0m[0m security_group_rule_id   = (known after apply)
      [32m+[0m[0m self                     = false
      [32m+[0m[0m source_security_group_id = (known after apply)
      [32m+[0m[0m to_port                  = 9443
      [32m+[0m[0m type                     = "ingress"
    }

[1m  # module.eks.aws_security_group_rule.node["ingress_cluster_kubelet"][0m will be created
[0m  [32m+[0m[0m resource "aws_security_group_rule" "node" {
      [32m+[0m[0m description              = "Cluster API to node kubelets"
      [32m+[0m[0m from_port                = 10250
      [32m+[0m[0m id                       = (known after apply)
      [32m+[0m[0m prefix_list_ids          = []
      [32m+[0m[0m protocol                 = "tcp"
      [32m+[0m[0m security_group_id        = (known after apply)
      [32m+[0m[0m security_group_rule_id   = (known after apply)
      [32m+[0m[0m self                     = false
      [32m+[0m[0m source_security_group_id = (known after apply)
      [32m+[0m[0m to_port                  = 10250
      [32m+[0m[0m type                     = "ingress"
    }

[1m  # module.eks.aws_security_group_rule.node["ingress_nodes_ephemeral"][0m will be created
[0m  [32m+[0m[0m resource "aws_security_group_rule" "node" {
      [32m+[0m[0m description              = "Node to node ingress on ephemeral ports"
      [32m+[0m[0m from_port                = 1025
      [32m+[0m[0m id                       = (known after apply)
      [32m+[0m[0m prefix_list_ids          = []
      [32m+[0m[0m protocol                 = "tcp"
      [32m+[0m[0m security_group_id        = (known after apply)
      [32m+[0m[0m security_group_rule_id   = (known after apply)
      [32m+[0m[0m self                     = true
      [32m+[0m[0m source_security_group_id = (known after apply)
      [32m+[0m[0m to_port                  = 65535
      [32m+[0m[0m type                     = "ingress"
    }

[1m  # module.eks.aws_security_group_rule.node["ingress_self_coredns_tcp"][0m will be created
[0m  [32m+[0m[0m resource "aws_security_group_rule" "node" {
      [32m+[0m[0m description              = "Node to node CoreDNS"
      [32m+[0m[0m from_port                = 53
      [32m+[0m[0m id                       = (known after apply)
      [32m+[0m[0m prefix_list_ids          = []
      [32m+[0m[0m protocol                 = "tcp"
      [32m+[0m[0m security_group_id        = (known after apply)
      [32m+[0m[0m security_group_rule_id   = (known after apply)
      [32m+[0m[0m self                     = true
      [32m+[0m[0m source_security_group_id = (known after apply)
      [32m+[0m[0m to_port                  = 53
      [32m+[0m[0m type                     = "ingress"
    }

[1m  # module.eks.aws_security_group_rule.node["ingress_self_coredns_udp"][0m will be created
[0m  [32m+[0m[0m resource "aws_security_group_rule" "node" {
      [32m+[0m[0m description              = "Node to node CoreDNS UDP"
      [32m+[0m[0m from_port                = 53
      [32m+[0m[0m id                       = (known after apply)
      [32m+[0m[0m prefix_list_ids          = []
      [32m+[0m[0m protocol                 = "udp"
      [32m+[0m[0m security_group_id        = (known after apply)
      [32m+[0m[0m security_group_rule_id   = (known after apply)
      [32m+[0m[0m self                     = true
      [32m+[0m[0m source_security_group_id = (known after apply)
      [32m+[0m[0m to_port                  = 53
      [32m+[0m[0m type                     = "ingress"
    }

[1m  # module.eks.time_sleep.this[0][0m will be created
[0m  [32m+[0m[0m resource "time_sleep" "this" {
      [32m+[0m[0m create_duration = "30s"
      [32m+[0m[0m id              = (known after apply)
      [32m+[0m[0m triggers        = {
          [32m+[0m[0m "cluster_certificate_authority_data" = (known after apply)
          [32m+[0m[0m "cluster_endpoint"                   = (known after apply)
          [32m+[0m[0m "cluster_name"                       = "ruyffelaert-eks-adeh9pwn"
          [32m+[0m[0m "cluster_service_cidr"               = (known after apply)
          [32m+[0m[0m "cluster_version"                    = "1.29"
        }
    }

[1m  # module.irsa-ebs-csi.data.aws_iam_policy_document.assume_role_with_oidc[0][0m will be read during apply
  # (config refers to values not yet known)
[0m [36m<=[0m[0m data "aws_iam_policy_document" "assume_role_with_oidc" {
      [32m+[0m[0m id   = (known after apply)
      [32m+[0m[0m json = (known after apply)

      [32m+[0m[0m statement (known after apply)
    }

[1m  # module.irsa-ebs-csi.aws_iam_role.this[0][0m will be created
[0m  [32m+[0m[0m resource "aws_iam_role" "this" {
      [32m+[0m[0m arn                   = (known after apply)
      [32m+[0m[0m assume_role_policy    = (known after apply)
      [32m+[0m[0m create_date           = (known after apply)
      [32m+[0m[0m force_detach_policies = false
      [32m+[0m[0m id                    = (known after apply)
      [32m+[0m[0m managed_policy_arns   = (known after apply)
      [32m+[0m[0m max_session_duration  = 3600
      [32m+[0m[0m name                  = "AmazonEKSTFEBSCSIRole-ruyffelaert-eks-adeh9pwn"
      [32m+[0m[0m name_prefix           = (known after apply)
      [32m+[0m[0m path                  = "/"
      [32m+[0m[0m tags_all              = (known after apply)
      [32m+[0m[0m unique_id             = (known after apply)
        [90m# (2 unchanged attributes hidden)[0m[0m

      [32m+[0m[0m inline_policy (known after apply)
    }

[1m  # module.irsa-ebs-csi.aws_iam_role_policy_attachment.custom[0][0m will be created
[0m  [32m+[0m[0m resource "aws_iam_role_policy_attachment" "custom" {
      [32m+[0m[0m id         = (known after apply)
      [32m+[0m[0m policy_arn = "arn:aws:iam::aws:policy/service-role/AmazonEBSCSIDriverPolicy"
      [32m+[0m[0m role       = "AmazonEKSTFEBSCSIRole-ruyffelaert-eks-adeh9pwn"
    }

[1m  # module.vpc.aws_default_network_acl.this[0][0m will be created
[0m  [32m+[0m[0m resource "aws_default_network_acl" "this" {
      [32m+[0m[0m arn                    = (known after apply)
      [32m+[0m[0m default_network_acl_id = (known after apply)
      [32m+[0m[0m id                     = (known after apply)
      [32m+[0m[0m owner_id               = (known after apply)
      [32m+[0m[0m tags                   = {
          [32m+[0m[0m "Name" = "ruyffelaert-vpc-default"
        }
      [32m+[0m[0m tags_all               = {
          [32m+[0m[0m "Name" = "ruyffelaert-vpc-default"
        }
      [32m+[0m[0m vpc_id                 = (known after apply)

      [32m+[0m[0m egress {
          [32m+[0m[0m action          = "allow"
          [32m+[0m[0m from_port       = 0
          [32m+[0m[0m ipv6_cidr_block = "::/0"
          [32m+[0m[0m protocol        = "-1"
          [32m+[0m[0m rule_no         = 101
          [32m+[0m[0m to_port         = 0
            [90m# (1 unchanged attribute hidden)[0m[0m
        }
      [32m+[0m[0m egress {
          [32m+[0m[0m action          = "allow"
          [32m+[0m[0m cidr_block      = "0.0.0.0/0"
          [32m+[0m[0m from_port       = 0
          [32m+[0m[0m protocol        = "-1"
          [32m+[0m[0m rule_no         = 100
          [32m+[0m[0m to_port         = 0
            [90m# (1 unchanged attribute hidden)[0m[0m
        }

      [32m+[0m[0m ingress {
          [32m+[0m[0m action          = "allow"
          [32m+[0m[0m from_port       = 0
          [32m+[0m[0m ipv6_cidr_block = "::/0"
          [32m+[0m[0m protocol        = "-1"
          [32m+[0m[0m rule_no         = 101
          [32m+[0m[0m to_port         = 0
            [90m# (1 unchanged attribute hidden)[0m[0m
        }
      [32m+[0m[0m ingress {
          [32m+[0m[0m action          = "allow"
          [32m+[0m[0m cidr_block      = "0.0.0.0/0"
          [32m+[0m[0m from_port       = 0
          [32m+[0m[0m protocol        = "-1"
          [32m+[0m[0m rule_no         = 100
          [32m+[0m[0m to_port         = 0
            [90m# (1 unchanged attribute hidden)[0m[0m
        }
    }

[1m  # module.vpc.aws_default_route_table.default[0][0m will be created
[0m  [32m+[0m[0m resource "aws_default_route_table" "default" {
      [32m+[0m[0m arn                    = (known after apply)
      [32m+[0m[0m default_route_table_id = (known after apply)
      [32m+[0m[0m id                     = (known after apply)
      [32m+[0m[0m owner_id               = (known after apply)
      [32m+[0m[0m route                  = (known after apply)
      [32m+[0m[0m tags                   = {
          [32m+[0m[0m "Name" = "ruyffelaert-vpc-default"
        }
      [32m+[0m[0m tags_all               = {
          [32m+[0m[0m "Name" = "ruyffelaert-vpc-default"
        }
      [32m+[0m[0m vpc_id                 = (known after apply)

      [32m+[0m[0m timeouts {
          [32m+[0m[0m create = "5m"
          [32m+[0m[0m update = "5m"
        }
    }

[1m  # module.vpc.aws_default_security_group.this[0][0m will be created
[0m  [32m+[0m[0m resource "aws_default_security_group" "this" {
      [32m+[0m[0m arn                    = (known after apply)
      [32m+[0m[0m description            = (known after apply)
      [32m+[0m[0m egress                 = (known after apply)
      [32m+[0m[0m id                     = (known after apply)
      [32m+[0m[0m ingress                = (known after apply)
      [32m+[0m[0m name                   = (known after apply)
      [32m+[0m[0m name_prefix            = (known after apply)
      [32m+[0m[0m owner_id               = (known after apply)
      [32m+[0m[0m revoke_rules_on_delete = false
      [32m+[0m[0m tags                   = {
          [32m+[0m[0m "Name" = "ruyffelaert-vpc-default"
        }
      [32m+[0m[0m tags_all               = {
          [32m+[0m[0m "Name" = "ruyffelaert-vpc-default"
        }
      [32m+[0m[0m vpc_id                 = (known after apply)
    }

[1m  # module.vpc.aws_eip.nat[0][0m will be created
[0m  [32m+[0m[0m resource "aws_eip" "nat" {
      [32m+[0m[0m allocation_id        = (known after apply)
      [32m+[0m[0m arn                  = (known after apply)
      [32m+[0m[0m association_id       = (known after apply)
      [32m+[0m[0m carrier_ip           = (known after apply)
      [32m+[0m[0m customer_owned_ip    = (known after apply)
      [32m+[0m[0m domain               = "vpc"
      [32m+[0m[0m id                   = (known after apply)
      [32m+[0m[0m instance             = (known after apply)
      [32m+[0m[0m network_border_group = (known after apply)
      [32m+[0m[0m network_interface    = (known after apply)
      [32m+[0m[0m private_dns          = (known after apply)
      [32m+[0m[0m private_ip           = (known after apply)
      [32m+[0m[0m ptr_record           = (known after apply)
      [32m+[0m[0m public_dns           = (known after apply)
      [32m+[0m[0m public_ip            = (known after apply)
      [32m+[0m[0m public_ipv4_pool     = (known after apply)
      [32m+[0m[0m tags                 = {
          [32m+[0m[0m "Name" = "ruyffelaert-vpc-ca-central-1a"
        }
      [32m+[0m[0m tags_all             = {
          [32m+[0m[0m "Name" = "ruyffelaert-vpc-ca-central-1a"
        }
      [32m+[0m[0m vpc                  = (known after apply)
    }

[1m  # module.vpc.aws_internet_gateway.this[0][0m will be created
[0m  [32m+[0m[0m resource "aws_internet_gateway" "this" {
      [32m+[0m[0m arn      = (known after apply)
      [32m+[0m[0m id       = (known after apply)
      [32m+[0m[0m owner_id = (known after apply)
      [32m+[0m[0m tags     = {
          [32m+[0m[0m "Name" = "ruyffelaert-vpc"
        }
      [32m+[0m[0m tags_all = {
          [32m+[0m[0m "Name" = "ruyffelaert-vpc"
        }
      [32m+[0m[0m vpc_id   = (known after apply)
    }

[1m  # module.vpc.aws_nat_gateway.this[0][0m will be created
[0m  [32m+[0m[0m resource "aws_nat_gateway" "this" {
      [32m+[0m[0m allocation_id                      = (known after apply)
      [32m+[0m[0m association_id                     = (known after apply)
      [32m+[0m[0m connectivity_type                  = "public"
      [32m+[0m[0m id                                 = (known after apply)
      [32m+[0m[0m network_interface_id               = (known after apply)
      [32m+[0m[0m private_ip                         = (known after apply)
      [32m+[0m[0m public_ip                          = (known after apply)
      [32m+[0m[0m secondary_private_ip_address_count = (known after apply)
      [32m+[0m[0m secondary_private_ip_addresses     = (known after apply)
      [32m+[0m[0m subnet_id                          = (known after apply)
      [32m+[0m[0m tags                               = {
          [32m+[0m[0m "Name" = "ruyffelaert-vpc-ca-central-1a"
        }
      [32m+[0m[0m tags_all                           = {
          [32m+[0m[0m "Name" = "ruyffelaert-vpc-ca-central-1a"
        }
    }

[1m  # module.vpc.aws_route.private_nat_gateway[0][0m will be created
[0m  [32m+[0m[0m resource "aws_route" "private_nat_gateway" {
      [32m+[0m[0m destination_cidr_block = "0.0.0.0/0"
      [32m+[0m[0m id                     = (known after apply)
      [32m+[0m[0m instance_id            = (known after apply)
      [32m+[0m[0m instance_owner_id      = (known after apply)
      [32m+[0m[0m nat_gateway_id         = (known after apply)
      [32m+[0m[0m network_interface_id   = (known after apply)
      [32m+[0m[0m origin                 = (known after apply)
      [32m+[0m[0m route_table_id         = (known after apply)
      [32m+[0m[0m state                  = (known after apply)

      [32m+[0m[0m timeouts {
          [32m+[0m[0m create = "5m"
        }
    }

[1m  # module.vpc.aws_route.public_internet_gateway[0][0m will be created
[0m  [32m+[0m[0m resource "aws_route" "public_internet_gateway" {
      [32m+[0m[0m destination_cidr_block = "0.0.0.0/0"
      [32m+[0m[0m gateway_id             = (known after apply)
      [32m+[0m[0m id                     = (known after apply)
      [32m+[0m[0m instance_id            = (known after apply)
      [32m+[0m[0m instance_owner_id      = (known after apply)
      [32m+[0m[0m network_interface_id   = (known after apply)
      [32m+[0m[0m origin                 = (known after apply)
      [32m+[0m[0m route_table_id         = (known after apply)
      [32m+[0m[0m state                  = (known after apply)

      [32m+[0m[0m timeouts {
          [32m+[0m[0m create = "5m"
        }
    }

[1m  # module.vpc.aws_route_table.private[0][0m will be created
[0m  [32m+[0m[0m resource "aws_route_table" "private" {
      [32m+[0m[0m arn              = (known after apply)
      [32m+[0m[0m id               = (known after apply)
      [32m+[0m[0m owner_id         = (known after apply)
      [32m+[0m[0m propagating_vgws = (known after apply)
      [32m+[0m[0m route            = (known after apply)
      [32m+[0m[0m tags             = {
          [32m+[0m[0m "Name" = "ruyffelaert-vpc-private"
        }
      [32m+[0m[0m tags_all         = {
          [32m+[0m[0m "Name" = "ruyffelaert-vpc-private"
        }
      [32m+[0m[0m vpc_id           = (known after apply)
    }

[1m  # module.vpc.aws_route_table.public[0][0m will be created
[0m  [32m+[0m[0m resource "aws_route_table" "public" {
      [32m+[0m[0m arn              = (known after apply)
      [32m+[0m[0m id               = (known after apply)
      [32m+[0m[0m owner_id         = (known after apply)
      [32m+[0m[0m propagating_vgws = (known after apply)
      [32m+[0m[0m route            = (known after apply)
      [32m+[0m[0m tags             = {
          [32m+[0m[0m "Name" = "ruyffelaert-vpc-public"
        }
      [32m+[0m[0m tags_all         = {
          [32m+[0m[0m "Name" = "ruyffelaert-vpc-public"
        }
      [32m+[0m[0m vpc_id           = (known after apply)
    }

[1m  # module.vpc.aws_route_table_association.private[0][0m will be created
[0m  [32m+[0m[0m resource "aws_route_table_association" "private" {
      [32m+[0m[0m id             = (known after apply)
      [32m+[0m[0m route_table_id = (known after apply)
      [32m+[0m[0m subnet_id      = (known after apply)
    }

[1m  # module.vpc.aws_route_table_association.private[1][0m will be created
[0m  [32m+[0m[0m resource "aws_route_table_association" "private" {
      [32m+[0m[0m id             = (known after apply)
      [32m+[0m[0m route_table_id = (known after apply)
      [32m+[0m[0m subnet_id      = (known after apply)
    }

[1m  # module.vpc.aws_route_table_association.private[2][0m will be created
[0m  [32m+[0m[0m resource "aws_route_table_association" "private" {
      [32m+[0m[0m id             = (known after apply)
      [32m+[0m[0m route_table_id = (known after apply)
      [32m+[0m[0m subnet_id      = (known after apply)
    }

[1m  # module.vpc.aws_route_table_association.public[0][0m will be created
[0m  [32m+[0m[0m resource "aws_route_table_association" "public" {
      [32m+[0m[0m id             = (known after apply)
      [32m+[0m[0m route_table_id = (known after apply)
      [32m+[0m[0m subnet_id      = (known after apply)
    }

[1m  # module.vpc.aws_route_table_association.public[1][0m will be created
[0m  [32m+[0m[0m resource "aws_route_table_association" "public" {
      [32m+[0m[0m id             = (known after apply)
      [32m+[0m[0m route_table_id = (known after apply)
      [32m+[0m[0m subnet_id      = (known after apply)
    }

[1m  # module.vpc.aws_route_table_association.public[2][0m will be created
[0m  [32m+[0m[0m resource "aws_route_table_association" "public" {
      [32m+[0m[0m id             = (known after apply)
      [32m+[0m[0m route_table_id = (known after apply)
      [32m+[0m[0m subnet_id      = (known after apply)
    }

[1m  # module.vpc.aws_subnet.private[0][0m will be created
[0m  [32m+[0m[0m resource "aws_subnet" "private" {
      [32m+[0m[0m arn                                            = (known after apply)
      [32m+[0m[0m assign_ipv6_address_on_creation                = false
      [32m+[0m[0m availability_zone                              = "ca-central-1a"
      [32m+[0m[0m availability_zone_id                           = (known after apply)
      [32m+[0m[0m cidr_block                                     = "10.0.1.0/24"
      [32m+[0m[0m enable_dns64                                   = false
      [32m+[0m[0m enable_resource_name_dns_a_record_on_launch    = false
      [32m+[0m[0m enable_resource_name_dns_aaaa_record_on_launch = false
      [32m+[0m[0m id                                             = (known after apply)
      [32m+[0m[0m ipv6_cidr_block_association_id                 = (known after apply)
      [32m+[0m[0m ipv6_native                                    = false
      [32m+[0m[0m map_public_ip_on_launch                        = false
      [32m+[0m[0m owner_id                                       = (known after apply)
      [32m+[0m[0m private_dns_hostname_type_on_launch            = (known after apply)
      [32m+[0m[0m tags                                           = {
          [32m+[0m[0m "Name"                            = "ruyffelaert-vpc-private-ca-central-1a"
          [32m+[0m[0m "kubernetes.io/role/internal-elb" = "1"
        }
      [32m+[0m[0m tags_all                                       = {
          [32m+[0m[0m "Name"                            = "ruyffelaert-vpc-private-ca-central-1a"
          [32m+[0m[0m "kubernetes.io/role/internal-elb" = "1"
        }
      [32m+[0m[0m vpc_id                                         = (known after apply)
    }

[1m  # module.vpc.aws_subnet.private[1][0m will be created
[0m  [32m+[0m[0m resource "aws_subnet" "private" {
      [32m+[0m[0m arn                                            = (known after apply)
      [32m+[0m[0m assign_ipv6_address_on_creation                = false
      [32m+[0m[0m availability_zone                              = "ca-central-1b"
      [32m+[0m[0m availability_zone_id                           = (known after apply)
      [32m+[0m[0m cidr_block                                     = "10.0.2.0/24"
      [32m+[0m[0m enable_dns64                                   = false
      [32m+[0m[0m enable_resource_name_dns_a_record_on_launch    = false
      [32m+[0m[0m enable_resource_name_dns_aaaa_record_on_launch = false
      [32m+[0m[0m id                                             = (known after apply)
      [32m+[0m[0m ipv6_cidr_block_association_id                 = (known after apply)
      [32m+[0m[0m ipv6_native                                    = false
      [32m+[0m[0m map_public_ip_on_launch                        = false
      [32m+[0m[0m owner_id                                       = (known after apply)
      [32m+[0m[0m private_dns_hostname_type_on_launch            = (known after apply)
      [32m+[0m[0m tags                                           = {
          [32m+[0m[0m "Name"                            = "ruyffelaert-vpc-private-ca-central-1b"
          [32m+[0m[0m "kubernetes.io/role/internal-elb" = "1"
        }
      [32m+[0m[0m tags_all                                       = {
          [32m+[0m[0m "Name"                            = "ruyffelaert-vpc-private-ca-central-1b"
          [32m+[0m[0m "kubernetes.io/role/internal-elb" = "1"
        }
      [32m+[0m[0m vpc_id                                         = (known after apply)
    }

[1m  # module.vpc.aws_subnet.private[2][0m will be created
[0m  [32m+[0m[0m resource "aws_subnet" "private" {
      [32m+[0m[0m arn                                            = (known after apply)
      [32m+[0m[0m assign_ipv6_address_on_creation                = false
      [32m+[0m[0m availability_zone                              = "ca-central-1d"
      [32m+[0m[0m availability_zone_id                           = (known after apply)
      [32m+[0m[0m cidr_block                                     = "10.0.3.0/24"
      [32m+[0m[0m enable_dns64                                   = false
      [32m+[0m[0m enable_resource_name_dns_a_record_on_launch    = false
      [32m+[0m[0m enable_resource_name_dns_aaaa_record_on_launch = false
      [32m+[0m[0m id                                             = (known after apply)
      [32m+[0m[0m ipv6_cidr_block_association_id                 = (known after apply)
      [32m+[0m[0m ipv6_native                                    = false
      [32m+[0m[0m map_public_ip_on_launch                        = false
      [32m+[0m[0m owner_id                                       = (known after apply)
      [32m+[0m[0m private_dns_hostname_type_on_launch            = (known after apply)
      [32m+[0m[0m tags                                           = {
          [32m+[0m[0m "Name"                            = "ruyffelaert-vpc-private-ca-central-1d"
          [32m+[0m[0m "kubernetes.io/role/internal-elb" = "1"
        }
      [32m+[0m[0m tags_all                                       = {
          [32m+[0m[0m "Name"                            = "ruyffelaert-vpc-private-ca-central-1d"
          [32m+[0m[0m "kubernetes.io/role/internal-elb" = "1"
        }
      [32m+[0m[0m vpc_id                                         = (known after apply)
    }

[1m  # module.vpc.aws_subnet.public[0][0m will be created
[0m  [32m+[0m[0m resource "aws_subnet" "public" {
      [32m+[0m[0m arn                                            = (known after apply)
      [32m+[0m[0m assign_ipv6_address_on_creation                = false
      [32m+[0m[0m availability_zone                              = "ca-central-1a"
      [32m+[0m[0m availability_zone_id                           = (known after apply)
      [32m+[0m[0m cidr_block                                     = "10.0.4.0/24"
      [32m+[0m[0m enable_dns64                                   = false
      [32m+[0m[0m enable_resource_name_dns_a_record_on_launch    = false
      [32m+[0m[0m enable_resource_name_dns_aaaa_record_on_launch = false
      [32m+[0m[0m id                                             = (known after apply)
      [32m+[0m[0m ipv6_cidr_block_association_id                 = (known after apply)
      [32m+[0m[0m ipv6_native                                    = false
      [32m+[0m[0m map_public_ip_on_launch                        = false
      [32m+[0m[0m owner_id                                       = (known after apply)
      [32m+[0m[0m private_dns_hostname_type_on_launch            = (known after apply)
      [32m+[0m[0m tags                                           = {
          [32m+[0m[0m "Name"                   = "ruyffelaert-vpc-public-ca-central-1a"
          [32m+[0m[0m "kubernetes.io/role/elb" = "1"
        }
      [32m+[0m[0m tags_all                                       = {
          [32m+[0m[0m "Name"                   = "ruyffelaert-vpc-public-ca-central-1a"
          [32m+[0m[0m "kubernetes.io/role/elb" = "1"
        }
      [32m+[0m[0m vpc_id                                         = (known after apply)
    }

[1m  # module.vpc.aws_subnet.public[1][0m will be created
[0m  [32m+[0m[0m resource "aws_subnet" "public" {
      [32m+[0m[0m arn                                            = (known after apply)
      [32m+[0m[0m assign_ipv6_address_on_creation                = false
      [32m+[0m[0m availability_zone                              = "ca-central-1b"
      [32m+[0m[0m availability_zone_id                           = (known after apply)
      [32m+[0m[0m cidr_block                                     = "10.0.5.0/24"
      [32m+[0m[0m enable_dns64                                   = false
      [32m+[0m[0m enable_resource_name_dns_a_record_on_launch    = false
      [32m+[0m[0m enable_resource_name_dns_aaaa_record_on_launch = false
      [32m+[0m[0m id                                             = (known after apply)
      [32m+[0m[0m ipv6_cidr_block_association_id                 = (known after apply)
      [32m+[0m[0m ipv6_native                                    = false
      [32m+[0m[0m map_public_ip_on_launch                        = false
      [32m+[0m[0m owner_id                                       = (known after apply)
      [32m+[0m[0m private_dns_hostname_type_on_launch            = (known after apply)
      [32m+[0m[0m tags                                           = {
          [32m+[0m[0m "Name"                   = "ruyffelaert-vpc-public-ca-central-1b"
          [32m+[0m[0m "kubernetes.io/role/elb" = "1"
        }
      [32m+[0m[0m tags_all                                       = {
          [32m+[0m[0m "Name"                   = "ruyffelaert-vpc-public-ca-central-1b"
          [32m+[0m[0m "kubernetes.io/role/elb" = "1"
        }
      [32m+[0m[0m vpc_id                                         = (known after apply)
    }

[1m  # module.vpc.aws_subnet.public[2][0m will be created
[0m  [32m+[0m[0m resource "aws_subnet" "public" {
      [32m+[0m[0m arn                                            = (known after apply)
      [32m+[0m[0m assign_ipv6_address_on_creation                = false
      [32m+[0m[0m availability_zone                              = "ca-central-1d"
      [32m+[0m[0m availability_zone_id                           = (known after apply)
      [32m+[0m[0m cidr_block                                     = "10.0.6.0/24"
      [32m+[0m[0m enable_dns64                                   = false
      [32m+[0m[0m enable_resource_name_dns_a_record_on_launch    = false
      [32m+[0m[0m enable_resource_name_dns_aaaa_record_on_launch = false
      [32m+[0m[0m id                                             = (known after apply)
      [32m+[0m[0m ipv6_cidr_block_association_id                 = (known after apply)
      [32m+[0m[0m ipv6_native                                    = false
      [32m+[0m[0m map_public_ip_on_launch                        = false
      [32m+[0m[0m owner_id                                       = (known after apply)
      [32m+[0m[0m private_dns_hostname_type_on_launch            = (known after apply)
      [32m+[0m[0m tags                                           = {
          [32m+[0m[0m "Name"                   = "ruyffelaert-vpc-public-ca-central-1d"
          [32m+[0m[0m "kubernetes.io/role/elb" = "1"
        }
      [32m+[0m[0m tags_all                                       = {
          [32m+[0m[0m "Name"                   = "ruyffelaert-vpc-public-ca-central-1d"
          [32m+[0m[0m "kubernetes.io/role/elb" = "1"
        }
      [32m+[0m[0m vpc_id                                         = (known after apply)
    }

[1m  # module.vpc.aws_vpc.this[0][0m will be created
[0m  [32m+[0m[0m resource "aws_vpc" "this" {
      [32m+[0m[0m arn                                  = (known after apply)
      [32m+[0m[0m cidr_block                           = "10.0.0.0/16"
      [32m+[0m[0m default_network_acl_id               = (known after apply)
      [32m+[0m[0m default_route_table_id               = (known after apply)
      [32m+[0m[0m default_security_group_id            = (known after apply)
      [32m+[0m[0m dhcp_options_id                      = (known after apply)
      [32m+[0m[0m enable_dns_hostnames                 = true
      [32m+[0m[0m enable_dns_support                   = true
      [32m+[0m[0m enable_network_address_usage_metrics = (known after apply)
      [32m+[0m[0m id                                   = (known after apply)
      [32m+[0m[0m instance_tenancy                     = "default"
      [32m+[0m[0m ipv6_association_id                  = (known after apply)
      [32m+[0m[0m ipv6_cidr_block                      = (known after apply)
      [32m+[0m[0m ipv6_cidr_block_network_border_group = (known after apply)
      [32m+[0m[0m main_route_table_id                  = (known after apply)
      [32m+[0m[0m owner_id                             = (known after apply)
      [32m+[0m[0m tags                                 = {
          [32m+[0m[0m "Name" = "ruyffelaert-vpc"
        }
      [32m+[0m[0m tags_all                             = {
          [32m+[0m[0m "Name" = "ruyffelaert-vpc"
        }
    }

[1m  # module.eks.module.eks_managed_node_group["one"].aws_eks_node_group.this[0][0m will be created
[0m  [32m+[0m[0m resource "aws_eks_node_group" "this" {
      [32m+[0m[0m ami_type               = "AL2_x86_64"
      [32m+[0m[0m arn                    = (known after apply)
      [32m+[0m[0m capacity_type          = (known after apply)
      [32m+[0m[0m cluster_name           = "ruyffelaert-eks-adeh9pwn"
      [32m+[0m[0m disk_size              = (known after apply)
      [32m+[0m[0m id                     = (known after apply)
      [32m+[0m[0m instance_types         = [
          [32m+[0m[0m "t3.small",
        ]
      [32m+[0m[0m node_group_name        = (known after apply)
      [32m+[0m[0m node_group_name_prefix = "node-group-1-"
      [32m+[0m[0m node_role_arn          = "arn:aws:iam::601427279990:role/node-group-1-eks-node-group-20241217173652522000000003"
      [32m+[0m[0m release_version        = (known after apply)
      [32m+[0m[0m resources              = (known after apply)
      [32m+[0m[0m status                 = (known after apply)
      [32m+[0m[0m subnet_ids             = (known after apply)
      [32m+[0m[0m tags                   = {
          [32m+[0m[0m "Name" = "node-group-1"
        }
      [32m+[0m[0m tags_all               = {
          [32m+[0m[0m "Name" = "node-group-1"
        }
      [32m+[0m[0m version                = "1.29"

      [32m+[0m[0m launch_template {
          [32m+[0m[0m id      = (known after apply)
          [32m+[0m[0m name    = (known after apply)
          [32m+[0m[0m version = (known after apply)
        }

      [32m+[0m[0m scaling_config {
          [32m+[0m[0m desired_size = 2
          [32m+[0m[0m max_size     = 3
          [32m+[0m[0m min_size     = 1
        }

      [32m+[0m[0m timeouts {}

      [32m+[0m[0m update_config {
          [32m+[0m[0m max_unavailable_percentage = 33
        }
    }

[1m  # module.eks.module.eks_managed_node_group["one"].aws_iam_role.this[0][0m will be updated in-place
[0m  [33m~[0m[0m resource "aws_iam_role" "this" {
        id                    = "node-group-1-eks-node-group-20241217173652522000000003"
        name                  = "node-group-1-eks-node-group-20241217173652522000000003"
      [33m~[0m[0m tags                  = {
          [31m-[0m[0m "PrincipalId" = "AIDAYYB64AB3COXNGGJUD" [90m-> null[0m[0m
          [31m-[0m[0m "User"        = "ruyffelaert-admin" [90m-> null[0m[0m
        }
      [33m~[0m[0m tags_all              = {
          [31m-[0m[0m "PrincipalId" = "AIDAYYB64AB3COXNGGJUD" [90m-> null[0m[0m
          [31m-[0m[0m "User"        = "ruyffelaert-admin" [90m-> null[0m[0m
        }
        [90m# (11 unchanged attributes hidden)[0m[0m
    }

[1m  # module.eks.module.eks_managed_node_group["one"].aws_launch_template.this[0][0m will be created
[0m  [32m+[0m[0m resource "aws_launch_template" "this" {
      [32m+[0m[0m arn                    = (known after apply)
      [32m+[0m[0m default_version        = (known after apply)
      [32m+[0m[0m description            = "Custom launch template for node-group-1 EKS managed node group"
      [32m+[0m[0m id                     = (known after apply)
      [32m+[0m[0m latest_version         = (known after apply)
      [32m+[0m[0m name                   = (known after apply)
      [32m+[0m[0m name_prefix            = "one-"
      [32m+[0m[0m tags_all               = (known after apply)
      [32m+[0m[0m update_default_version = true
      [32m+[0m[0m vpc_security_group_ids = (known after apply)
        [90m# (2 unchanged attributes hidden)[0m[0m

      [32m+[0m[0m metadata_options {
          [32m+[0m[0m http_endpoint               = "enabled"
          [32m+[0m[0m http_protocol_ipv6          = (known after apply)
          [32m+[0m[0m http_put_response_hop_limit = 2
          [32m+[0m[0m http_tokens                 = "required"
          [32m+[0m[0m instance_metadata_tags      = (known after apply)
        }

      [32m+[0m[0m monitoring {
          [32m+[0m[0m enabled = true
        }

      [32m+[0m[0m tag_specifications {
          [32m+[0m[0m resource_type = "instance"
          [32m+[0m[0m tags          = {
              [32m+[0m[0m "Name" = "node-group-1"
            }
        }
      [32m+[0m[0m tag_specifications {
          [32m+[0m[0m resource_type = "network-interface"
          [32m+[0m[0m tags          = {
              [32m+[0m[0m "Name" = "node-group-1"
            }
        }
      [32m+[0m[0m tag_specifications {
          [32m+[0m[0m resource_type = "volume"
          [32m+[0m[0m tags          = {
              [32m+[0m[0m "Name" = "node-group-1"
            }
        }
    }

[1m  # module.eks.module.eks_managed_node_group["two"].aws_eks_node_group.this[0][0m will be created
[0m  [32m+[0m[0m resource "aws_eks_node_group" "this" {
      [32m+[0m[0m ami_type               = "AL2_x86_64"
      [32m+[0m[0m arn                    = (known after apply)
      [32m+[0m[0m capacity_type          = (known after apply)
      [32m+[0m[0m cluster_name           = "ruyffelaert-eks-adeh9pwn"
      [32m+[0m[0m disk_size              = (known after apply)
      [32m+[0m[0m id                     = (known after apply)
      [32m+[0m[0m instance_types         = [
          [32m+[0m[0m "t3.small",
        ]
      [32m+[0m[0m node_group_name        = (known after apply)
      [32m+[0m[0m node_group_name_prefix = "node-group-2-"
      [32m+[0m[0m node_role_arn          = "arn:aws:iam::601427279990:role/node-group-2-eks-node-group-20241217173652521900000001"
      [32m+[0m[0m release_version        = (known after apply)
      [32m+[0m[0m resources              = (known after apply)
      [32m+[0m[0m status                 = (known after apply)
      [32m+[0m[0m subnet_ids             = (known after apply)
      [32m+[0m[0m tags                   = {
          [32m+[0m[0m "Name" = "node-group-2"
        }
      [32m+[0m[0m tags_all               = {
          [32m+[0m[0m "Name" = "node-group-2"
        }
      [32m+[0m[0m version                = "1.29"

      [32m+[0m[0m launch_template {
          [32m+[0m[0m id      = (known after apply)
          [32m+[0m[0m name    = (known after apply)
          [32m+[0m[0m version = (known after apply)
        }

      [32m+[0m[0m scaling_config {
          [32m+[0m[0m desired_size = 1
          [32m+[0m[0m max_size     = 2
          [32m+[0m[0m min_size     = 1
        }

      [32m+[0m[0m timeouts {}

      [32m+[0m[0m update_config {
          [32m+[0m[0m max_unavailable_percentage = 33
        }
    }

[1m  # module.eks.module.eks_managed_node_group["two"].aws_iam_role.this[0][0m will be updated in-place
[0m  [33m~[0m[0m resource "aws_iam_role" "this" {
        id                    = "node-group-2-eks-node-group-20241217173652521900000001"
        name                  = "node-group-2-eks-node-group-20241217173652521900000001"
      [33m~[0m[0m tags                  = {
          [31m-[0m[0m "PrincipalId" = "AIDAYYB64AB3COXNGGJUD" [90m-> null[0m[0m
          [31m-[0m[0m "User"        = "ruyffelaert-admin" [90m-> null[0m[0m
        }
      [33m~[0m[0m tags_all              = {
          [31m-[0m[0m "PrincipalId" = "AIDAYYB64AB3COXNGGJUD" [90m-> null[0m[0m
          [31m-[0m[0m "User"        = "ruyffelaert-admin" [90m-> null[0m[0m
        }
        [90m# (11 unchanged attributes hidden)[0m[0m
    }

[1m  # module.eks.module.eks_managed_node_group["two"].aws_launch_template.this[0][0m will be created
[0m  [32m+[0m[0m resource "aws_launch_template" "this" {
      [32m+[0m[0m arn                    = (known after apply)
      [32m+[0m[0m default_version        = (known after apply)
      [32m+[0m[0m description            = "Custom launch template for node-group-2 EKS managed node group"
      [32m+[0m[0m id                     = (known after apply)
      [32m+[0m[0m latest_version         = (known after apply)
      [32m+[0m[0m name                   = (known after apply)
      [32m+[0m[0m name_prefix            = "two-"
      [32m+[0m[0m tags_all               = (known after apply)
      [32m+[0m[0m update_default_version = true
      [32m+[0m[0m vpc_security_group_ids = (known after apply)
        [90m# (2 unchanged attributes hidden)[0m[0m

      [32m+[0m[0m metadata_options {
          [32m+[0m[0m http_endpoint               = "enabled"
          [32m+[0m[0m http_protocol_ipv6          = (known after apply)
          [32m+[0m[0m http_put_response_hop_limit = 2
          [32m+[0m[0m http_tokens                 = "required"
          [32m+[0m[0m instance_metadata_tags      = (known after apply)
        }

      [32m+[0m[0m monitoring {
          [32m+[0m[0m enabled = true
        }

      [32m+[0m[0m tag_specifications {
          [32m+[0m[0m resource_type = "instance"
          [32m+[0m[0m tags          = {
              [32m+[0m[0m "Name" = "node-group-2"
            }
        }
      [32m+[0m[0m tag_specifications {
          [32m+[0m[0m resource_type = "network-interface"
          [32m+[0m[0m tags          = {
              [32m+[0m[0m "Name" = "node-group-2"
            }
        }
      [32m+[0m[0m tag_specifications {
          [32m+[0m[0m resource_type = "volume"
          [32m+[0m[0m tags          = {
              [32m+[0m[0m "Name" = "node-group-2"
            }
        }
    }

[1m  # module.eks.module.kms.aws_kms_alias.this["cluster"][0m will be created
[0m  [32m+[0m[0m resource "aws_kms_alias" "this" {
      [32m+[0m[0m arn            = (known after apply)
      [32m+[0m[0m id             = (known after apply)
      [32m+[0m[0m name           = "alias/eks/ruyffelaert-eks-adeh9pwn"
      [32m+[0m[0m name_prefix    = (known after apply)
      [32m+[0m[0m target_key_arn = (known after apply)
      [32m+[0m[0m target_key_id  = (known after apply)
    }

[1m  # module.eks.module.kms.aws_kms_key.this[0][0m will be created
[0m  [32m+[0m[0m resource "aws_kms_key" "this" {
      [32m+[0m[0m arn                                = (known after apply)
      [32m+[0m[0m bypass_policy_lockout_safety_check = false
      [32m+[0m[0m customer_master_key_spec           = "SYMMETRIC_DEFAULT"
      [32m+[0m[0m description                        = "ruyffelaert-eks-adeh9pwn cluster encryption key"
      [32m+[0m[0m enable_key_rotation                = true
      [32m+[0m[0m id                                 = (known after apply)
      [32m+[0m[0m is_enabled                         = true
      [32m+[0m[0m key_id                             = (known after apply)
      [32m+[0m[0m key_usage                          = "ENCRYPT_DECRYPT"
      [32m+[0m[0m multi_region                       = false
      [32m+[0m[0m policy                             = jsonencode(
            {
              [32m+[0m[0m Statement = [
                  [32m+[0m[0m {
                      [32m+[0m[0m Action    = "kms:*"
                      [32m+[0m[0m Effect    = "Allow"
                      [32m+[0m[0m Principal = {
                          [32m+[0m[0m AWS = "arn:aws:iam::601427279990:root"
                        }
                      [32m+[0m[0m Resource  = "*"
                      [32m+[0m[0m Sid       = "Default"
                    },
                  [32m+[0m[0m {
                      [32m+[0m[0m Action    = [
                          [32m+[0m[0m "kms:Update*",
                          [32m+[0m[0m "kms:UntagResource",
                          [32m+[0m[0m "kms:TagResource",
                          [32m+[0m[0m "kms:ScheduleKeyDeletion",
                          [32m+[0m[0m "kms:Revoke*",
                          [32m+[0m[0m "kms:ReplicateKey",
                          [32m+[0m[0m "kms:Put*",
                          [32m+[0m[0m "kms:List*",
                          [32m+[0m[0m "kms:ImportKeyMaterial",
                          [32m+[0m[0m "kms:Get*",
                          [32m+[0m[0m "kms:Enable*",
                          [32m+[0m[0m "kms:Disable*",
                          [32m+[0m[0m "kms:Describe*",
                          [32m+[0m[0m "kms:Delete*",
                          [32m+[0m[0m "kms:Create*",
                          [32m+[0m[0m "kms:CancelKeyDeletion",
                        ]
                      [32m+[0m[0m Effect    = "Allow"
                      [32m+[0m[0m Principal = {
                          [32m+[0m[0m AWS = "arn:aws:iam::601427279990:user/ruyffelaert-admin"
                        }
                      [32m+[0m[0m Resource  = "*"
                      [32m+[0m[0m Sid       = "KeyAdministration"
                    },
                  [32m+[0m[0m {
                      [32m+[0m[0m Action    = [
                          [32m+[0m[0m "kms:ReEncrypt*",
                          [32m+[0m[0m "kms:GenerateDataKey*",
                          [32m+[0m[0m "kms:Encrypt",
                          [32m+[0m[0m "kms:DescribeKey",
                          [32m+[0m[0m "kms:Decrypt",
                        ]
                      [32m+[0m[0m Effect    = "Allow"
                      [32m+[0m[0m Principal = {
                          [32m+[0m[0m AWS = "arn:aws:iam::601427279990:role/ruyffelaert-eks-adeh9pwn-cluster-20241217173652522000000002"
                        }
                      [32m+[0m[0m Resource  = "*"
                      [32m+[0m[0m Sid       = "KeyUsage"
                    },
                ]
              [32m+[0m[0m Version   = "2012-10-17"
            }
        )
      [32m+[0m[0m tags                               = {
          [32m+[0m[0m "terraform-aws-modules" = "eks"
        }
      [32m+[0m[0m tags_all                           = {
          [32m+[0m[0m "terraform-aws-modules" = "eks"
        }
    }

[1m  # module.eks.module.eks_managed_node_group["one"].module.user_data.null_resource.validate_cluster_service_cidr[0m will be created
[0m  [32m+[0m[0m resource "null_resource" "validate_cluster_service_cidr" {
      [32m+[0m[0m id = (known after apply)
    }

[1m  # module.eks.module.eks_managed_node_group["two"].module.user_data.null_resource.validate_cluster_service_cidr[0m will be created
[0m  [32m+[0m[0m resource "null_resource" "validate_cluster_service_cidr" {
      [32m+[0m[0m id = (known after apply)
    }

[1mPlan:[0m 53 to add, 4 to change, 0 to destroy.
[0m
Changes to Outputs:
  [32m+[0m[0m cluster_endpoint          = (known after apply)
  [32m+[0m[0m cluster_name              = "ruyffelaert-eks-adeh9pwn"
  [32m+[0m[0m cluster_security_group_id = (known after apply)
  [33m~[0m[0m region                    = "us-west-2" [33m->[0m[0m "ca-central-1"
[0m[1m
Do you want to perform these actions?[0m
  Terraform will perform the actions described above.
  Only 'yes' will be accepted to approve.

  [1mEnter a value:[0m [0m
[0m[1mmodule.eks.aws_cloudwatch_log_group.this[0]: Creating...[0m[0m
[0m[1mmodule.vpc.aws_vpc.this[0]: Creating...[0m[0m
[0m[1mmodule.eks.module.eks_managed_node_group["two"].aws_iam_role.this[0]: Modifying... [id=node-group-2-eks-node-group-20241217173652521900000001][0m[0m
[0m[1mmodule.eks.aws_iam_role.this[0]: Modifying... [id=ruyffelaert-eks-adeh9pwn-cluster-20241217173652522000000002][0m[0m
[0m[1mmodule.eks.module.eks_managed_node_group["one"].aws_iam_role.this[0]: Modifying... [id=node-group-1-eks-node-group-20241217173652522000000003][0m[0m
[0m[1mmodule.eks.aws_cloudwatch_log_group.this[0]: Creation complete after 0s [id=/aws/eks/ruyffelaert-eks-adeh9pwn/cluster][0m
[0m[1mmodule.eks.module.eks_managed_node_group["two"].aws_iam_role.this[0]: Modifications complete after 0s [id=node-group-2-eks-node-group-20241217173652521900000001][0m
[0m[1mmodule.eks.aws_iam_role.this[0]: Modifications complete after 0s [id=ruyffelaert-eks-adeh9pwn-cluster-20241217173652522000000002][0m
[0m[1mmodule.eks.module.eks_managed_node_group["one"].aws_iam_role.this[0]: Modifications complete after 0s [id=node-group-1-eks-node-group-20241217173652522000000003][0m
[0m[1mmodule.eks.module.kms.aws_kms_key.this[0]: Creating...[0m[0m
[0m[1mmodule.vpc.aws_vpc.this[0]: Still creating... [10s elapsed][0m[0m
[0m[1mmodule.eks.module.kms.aws_kms_key.this[0]: Still creating... [10s elapsed][0m[0m
[0m[1mmodule.vpc.aws_vpc.this[0]: Creation complete after 11s [id=vpc-09a9671c5e94d2489][0m
[0m[1mmodule.vpc.aws_internet_gateway.this[0]: Creating...[0m[0m
[0m[1mmodule.vpc.aws_default_route_table.default[0]: Creating...[0m[0m
[0m[1mmodule.vpc.aws_default_security_group.this[0]: Creating...[0m[0m
[0m[1mmodule.vpc.aws_route_table.public[0]: Creating...[0m[0m
[0m[1mmodule.vpc.aws_subnet.private[0]: Creating...[0m[0m
[0m[1mmodule.vpc.aws_subnet.private[1]: Creating...[0m[0m
[0m[1mmodule.vpc.aws_subnet.public[1]: Creating...[0m[0m
[0m[1mmodule.vpc.aws_subnet.private[2]: Creating...[0m[0m
[0m[1mmodule.vpc.aws_default_network_acl.this[0]: Creating...[0m[0m
[0m[1mmodule.vpc.aws_default_route_table.default[0]: Creation complete after 1s [id=rtb-0a949886d692e13dd][0m
[0m[1mmodule.vpc.aws_subnet.public[2]: Creating...[0m[0m
[0m[1mmodule.vpc.aws_internet_gateway.this[0]: Creation complete after 1s [id=igw-012519e79cbd25c73][0m
[0m[1mmodule.vpc.aws_subnet.public[0]: Creating...[0m[0m
[0m[1mmodule.vpc.aws_subnet.public[1]: Creation complete after 1s [id=subnet-03bc62c16ada86502][0m
[0m[1mmodule.vpc.aws_route_table.private[0]: Creating...[0m[0m
[0m[1mmodule.vpc.aws_route_table.public[0]: Creation complete after 1s [id=rtb-0a4200276d2f85ea3][0m
[0m[1mmodule.eks.aws_security_group.cluster[0]: Creating...[0m[0m
[0m[1mmodule.vpc.aws_subnet.private[2]: Creation complete after 1s [id=subnet-0f8c96485d820e727][0m
[0m[1mmodule.vpc.aws_subnet.private[0]: Creation complete after 1s [id=subnet-0f826248d257de20a][0m
[0m[1mmodule.eks.aws_security_group.node[0]: Creating...[0m[0m
[0m[1mmodule.vpc.aws_eip.nat[0]: Creating...[0m[0m
[0m[1mmodule.vpc.aws_subnet.private[1]: Creation complete after 1s [id=subnet-058a97412385cd1e4][0m
[0m[1mmodule.vpc.aws_route.public_internet_gateway[0]: Creating...[0m[0m
[0m[1mmodule.vpc.aws_default_network_acl.this[0]: Creation complete after 2s [id=acl-0f7d9ba5f5f31351d][0m
[0m[1mmodule.vpc.aws_subnet.public[2]: Creation complete after 1s [id=subnet-012abaf1ed61c8eb5][0m
[0m[1mmodule.vpc.aws_route_table.private[0]: Creation complete after 1s [id=rtb-065ef864f10fcd097][0m
[0m[1mmodule.vpc.aws_route_table_association.private[0]: Creating...[0m[0m
[0m[1mmodule.vpc.aws_route_table_association.private[1]: Creating...[0m[0m
[0m[1mmodule.vpc.aws_route_table_association.private[2]: Creating...[0m[0m
[0m[1mmodule.vpc.aws_subnet.public[0]: Creation complete after 1s [id=subnet-02e8dd035f583bf14][0m
[0m[1mmodule.vpc.aws_route_table_association.public[2]: Creating...[0m[0m
[0m[1mmodule.vpc.aws_route_table_association.public[1]: Creating...[0m[0m
[0m[1mmodule.vpc.aws_route_table_association.private[0]: Creation complete after 0s [id=rtbassoc-09f2c98b99a825899][0m
[0m[1mmodule.vpc.aws_route_table_association.private[1]: Creation complete after 0s [id=rtbassoc-01c8f5128013f5c5f][0m
[0m[1mmodule.vpc.aws_route_table_association.public[0]: Creating...[0m[0m
[0m[1mmodule.vpc.aws_route_table_association.private[2]: Creation complete after 0s [id=rtbassoc-0974276bea336e92e][0m
[0m[1mmodule.vpc.aws_default_security_group.this[0]: Creation complete after 2s [id=sg-0c6f8ec376131fe3c][0m
[0m[1mmodule.vpc.aws_route.public_internet_gateway[0]: Creation complete after 1s [id=r-rtb-0a4200276d2f85ea31080289494][0m
[0m[1mmodule.vpc.aws_route_table_association.public[1]: Creation complete after 0s [id=rtbassoc-06ebb5b1e3f95ecf8][0m
[0m[1mmodule.vpc.aws_route_table_association.public[2]: Creation complete after 0s [id=rtbassoc-08dbc721d006196a3][0m
[0m[1mmodule.vpc.aws_route_table_association.public[0]: Creation complete after 0s [id=rtbassoc-086135db7e76cdce1][0m
[0m[1mmodule.eks.module.kms.aws_kms_key.this[0]: Creation complete after 13s [id=f799501c-514d-406c-9a78-5dc8a784ac36][0m
[0m[1mmodule.eks.module.kms.aws_kms_alias.this["cluster"]: Creating...[0m[0m
[0m[1mmodule.eks.aws_iam_policy.cluster_encryption[0]: Modifying... [id=arn:aws:iam::601427279990:policy/ruyffelaert-eks-adeh9pwn-cluster-ClusterEncryption2024121717371542390000000c][0m[0m
[0m[1mmodule.eks.module.kms.aws_kms_alias.this["cluster"]: Creation complete after 0s [id=alias/eks/ruyffelaert-eks-adeh9pwn][0m
[0m[1mmodule.eks.aws_iam_policy.cluster_encryption[0]: Modifications complete after 1s [id=arn:aws:iam::601427279990:policy/ruyffelaert-eks-adeh9pwn-cluster-ClusterEncryption2024121717371542390000000c][0m
[0m[1mmodule.eks.aws_security_group.cluster[0]: Creation complete after 2s [id=sg-078005c2f3eb3aebd][0m
[0m[1mmodule.eks.aws_security_group.node[0]: Creation complete after 2s [id=sg-07ab25bc012063410][0m
[0m[1mmodule.eks.aws_security_group_rule.node["ingress_cluster_9443_webhook"]: Creating...[0m[0m
[0m[1mmodule.eks.aws_security_group_rule.node["ingress_cluster_443"]: Creating...[0m[0m
[0m[1mmodule.eks.aws_security_group_rule.node["ingress_cluster_6443_webhook"]: Creating...[0m[0m
[0m[1mmodule.eks.aws_security_group_rule.node["ingress_cluster_8443_webhook"]: Creating...[0m[0m
[0m[1mmodule.eks.aws_security_group_rule.node["ingress_nodes_ephemeral"]: Creating...[0m[0m
[0m[1mmodule.eks.aws_security_group_rule.node["egress_all"]: Creating...[0m[0m
[0m[1mmodule.eks.aws_security_group_rule.node["ingress_self_coredns_udp"]: Creating...[0m[0m
[0m[1mmodule.eks.aws_security_group_rule.node["ingress_cluster_kubelet"]: Creating...[0m[0m
[0m[1mmodule.eks.aws_security_group_rule.node["ingress_self_coredns_tcp"]: Creating...[0m[0m
[0m[1mmodule.eks.aws_security_group_rule.node["ingress_cluster_4443_webhook"]: Creating...[0m[0m
[0m[1mmodule.eks.aws_security_group_rule.node["ingress_cluster_8443_webhook"]: Creation complete after 0s [id=sgrule-812274368][0m
[0m[1mmodule.eks.aws_security_group_rule.cluster["ingress_nodes_443"]: Creating...[0m[0m
[0m[1mmodule.eks.aws_security_group_rule.node["ingress_self_coredns_udp"]: Creation complete after 1s [id=sgrule-4129198999][0m
[0m[1mmodule.eks.aws_security_group_rule.cluster["ingress_nodes_443"]: Creation complete after 1s [id=sgrule-197499476][0m
[0m[1mmodule.eks.aws_security_group_rule.node["ingress_cluster_9443_webhook"]: Creation complete after 2s [id=sgrule-1422614795][0m
[0m[1mmodule.eks.aws_security_group_rule.node["ingress_nodes_ephemeral"]: Creation complete after 2s [id=sgrule-4064181019][0m
[0m[1mmodule.eks.aws_security_group_rule.node["ingress_cluster_kubelet"]: Creation complete after 3s [id=sgrule-2408791159][0m
[0m[1mmodule.eks.aws_security_group_rule.node["ingress_cluster_443"]: Creation complete after 3s [id=sgrule-594422294][0m
[0m[1mmodule.eks.aws_security_group_rule.node["ingress_cluster_6443_webhook"]: Creation complete after 4s [id=sgrule-590769889][0m
[0m[1mmodule.eks.aws_security_group_rule.node["ingress_self_coredns_tcp"]: Creation complete after 4s [id=sgrule-1380003960][0m
[0m[1mmodule.eks.aws_security_group_rule.node["egress_all"]: Creation complete after 5s [id=sgrule-1860021704][0m
[0m[1mmodule.eks.aws_security_group_rule.node["ingress_cluster_4443_webhook"]: Creation complete after 5s [id=sgrule-3933473143][0m
[0m[1mmodule.eks.aws_eks_cluster.this[0]: Creating...[0m[0m
[0m[1mmodule.eks.aws_eks_cluster.this[0]: Still creating... [10s elapsed][0m[0m
[0m[1mmodule.eks.aws_eks_cluster.this[0]: Still creating... [20s elapsed][0m[0m
[0m[1mmodule.eks.aws_eks_cluster.this[0]: Still creating... [30s elapsed][0m[0m
[0m[1mmodule.eks.aws_eks_cluster.this[0]: Still creating... [40s elapsed][0m[0m
[0m[1mmodule.eks.aws_eks_cluster.this[0]: Still creating... [50s elapsed][0m[0m
[0m[1mmodule.eks.aws_eks_cluster.this[0]: Still creating... [1m0s elapsed][0m[0m
[0m[1mmodule.eks.aws_eks_cluster.this[0]: Still creating... [1m10s elapsed][0m[0m
[0m[1mmodule.eks.aws_eks_cluster.this[0]: Still creating... [1m20s elapsed][0m[0m
[0m[1mmodule.eks.aws_eks_cluster.this[0]: Still creating... [1m30s elapsed][0m[0m
[0m[1mmodule.eks.aws_eks_cluster.this[0]: Still creating... [1m40s elapsed][0m[0m
[0m[1mmodule.eks.aws_eks_cluster.this[0]: Still creating... [1m50s elapsed][0m[0m
[0m[1mmodule.eks.aws_eks_cluster.this[0]: Still creating... [2m28s elapsed][0m[0m
[0m[1mmodule.eks.aws_eks_cluster.this[0]: Still creating... [2m38s elapsed][0m[0m
[0m[1mmodule.eks.aws_eks_cluster.this[0]: Still creating... [2m48s elapsed][0m[0m
[0m[1mmodule.eks.aws_eks_cluster.this[0]: Still creating... [2m58s elapsed][0m[0m
[0m[1mmodule.eks.aws_eks_cluster.this[0]: Still creating... [3m8s elapsed][0m[0m
[0m[1mmodule.eks.aws_eks_cluster.this[0]: Still creating... [3m18s elapsed][0m[0m
[0m[1mmodule.eks.aws_eks_cluster.this[0]: Still creating... [3m28s elapsed][0m[0m
[0m[1mmodule.eks.aws_eks_cluster.this[0]: Still creating... [3m38s elapsed][0m[0m
[0m[1mmodule.eks.aws_eks_cluster.this[0]: Still creating... [3m48s elapsed][0m[0m
[0m[1mmodule.eks.aws_eks_cluster.this[0]: Still creating... [3m58s elapsed][0m[0m
[0m[1mmodule.eks.aws_eks_cluster.this[0]: Still creating... [4m8s elapsed][0m[0m
[0m[1mmodule.eks.aws_eks_cluster.this[0]: Still creating... [4m18s elapsed][0m[0m
[0m[1mmodule.eks.aws_eks_cluster.this[0]: Still creating... [4m28s elapsed][0m[0m
[0m[1mmodule.eks.aws_eks_cluster.this[0]: Still creating... [4m38s elapsed][0m[0m
[0m[1mmodule.eks.aws_eks_cluster.this[0]: Still creating... [4m48s elapsed][0m[0m
[0m[1mmodule.eks.aws_eks_cluster.this[0]: Still creating... [4m58s elapsed][0m[0m
[0m[1mmodule.eks.aws_eks_cluster.this[0]: Still creating... [5m8s elapsed][0m[0m
[0m[1mmodule.eks.aws_eks_cluster.this[0]: Still creating... [5m18s elapsed][0m[0m
[0m[1mmodule.eks.aws_eks_cluster.this[0]: Still creating... [5m28s elapsed][0m[0m
[0m[1mmodule.eks.aws_eks_cluster.this[0]: Still creating... [5m38s elapsed][0m[0m
[0m[1mmodule.eks.aws_eks_cluster.this[0]: Still creating... [5m48s elapsed][0m[0m
[0m[1mmodule.eks.aws_eks_cluster.this[0]: Still creating... [5m58s elapsed][0m[0m
[0m[1mmodule.eks.aws_eks_cluster.this[0]: Still creating... [6m8s elapsed][0m[0m
[0m[1mmodule.eks.aws_eks_cluster.this[0]: Still creating... [6m18s elapsed][0m[0m
[0m[1mmodule.eks.aws_eks_cluster.this[0]: Still creating... [6m28s elapsed][0m[0m
[0m[1mmodule.eks.aws_eks_cluster.this[0]: Still creating... [6m38s elapsed][0m[0m
[0m[1mmodule.eks.aws_eks_cluster.this[0]: Still creating... [6m48s elapsed][0m[0m
[0m[1mmodule.eks.aws_eks_cluster.this[0]: Still creating... [6m58s elapsed][0m[0m
[0m[1mmodule.eks.aws_eks_cluster.this[0]: Still creating... [7m8s elapsed][0m[0m
[0m[1mmodule.eks.aws_eks_cluster.this[0]: Still creating... [7m18s elapsed][0m[0m
[0m[1mmodule.eks.aws_eks_cluster.this[0]: Still creating... [7m28s elapsed][0m[0m
[0m[1mmodule.eks.aws_eks_cluster.this[0]: Still creating... [7m38s elapsed][0m[0m
[0m[1mmodule.eks.aws_eks_cluster.this[0]: Still creating... [7m48s elapsed][0m[0m
[0m[1mmodule.eks.aws_eks_cluster.this[0]: Still creating... [7m58s elapsed][0m[0m
[0m[1mmodule.eks.aws_eks_cluster.this[0]: Creation complete after 8m0s [id=ruyffelaert-eks-adeh9pwn][0m
[0m[1mmodule.eks.data.tls_certificate.this[0]: Reading...[0m[0m
[0m[1mmodule.eks.aws_eks_access_entry.this["cluster_creator"]: Creating...[0m[0m
[0m[1mmodule.eks.time_sleep.this[0]: Creating...[0m[0m
[0m[1mmodule.eks.data.tls_certificate.this[0]: Read complete after 1s [id=d6a73dbff7afc391a7b2a557e8c4482296ec7545][0m
[0m[1mmodule.eks.aws_iam_openid_connect_provider.oidc_provider[0]: Creating...[0m[0m
[0m[1mmodule.eks.aws_iam_openid_connect_provider.oidc_provider[0]: Creation complete after 0s [id=arn:aws:iam::601427279990:oidc-provider/oidc.eks.ca-central-1.amazonaws.com/id/83940790B34BE54C5B73EF1A9212BA99][0m
[0m[1mmodule.eks.aws_eks_access_entry.this["cluster_creator"]: Creation complete after 1s [id=ruyffelaert-eks-adeh9pwn:arn:aws:iam::601427279990:user/ruyffelaert-admin][0m
[0m[1mmodule.eks.aws_eks_access_policy_association.this["cluster_creator_admin"]: Creating...[0m[0m
[0m[1mmodule.eks.aws_eks_access_policy_association.this["cluster_creator_admin"]: Creation complete after 1s [id=ruyffelaert-eks-adeh9pwn#arn:aws:iam::601427279990:user/ruyffelaert-admin#arn:aws:eks::aws:cluster-access-policy/AmazonEKSClusterAdminPolicy][0m
[0m[1mmodule.irsa-ebs-csi.data.aws_iam_policy_document.assume_role_with_oidc[0]: Reading...[0m[0m
[0m[1mmodule.irsa-ebs-csi.data.aws_iam_policy_document.assume_role_with_oidc[0]: Read complete after 0s [id=2122191929][0m
[0m[1mmodule.irsa-ebs-csi.aws_iam_role.this[0]: Creating...[0m[0m
[0m[1mmodule.irsa-ebs-csi.aws_iam_role.this[0]: Creation complete after 0s [id=AmazonEKSTFEBSCSIRole-ruyffelaert-eks-adeh9pwn][0m
[0m[1mmodule.eks.data.aws_eks_addon_version.this["aws-ebs-csi-driver"]: Reading...[0m[0m
[0m[1mmodule.irsa-ebs-csi.aws_iam_role_policy_attachment.custom[0]: Creating...[0m[0m
[0m[1mmodule.irsa-ebs-csi.aws_iam_role_policy_attachment.custom[0]: Creation complete after 0s [id=AmazonEKSTFEBSCSIRole-ruyffelaert-eks-adeh9pwn-20241217175148075900000005][0m
[0m[1mmodule.eks.data.aws_eks_addon_version.this["aws-ebs-csi-driver"]: Read complete after 0s [id=aws-ebs-csi-driver][0m
[0m[1mmodule.eks.time_sleep.this[0]: Still creating... [10s elapsed][0m[0m
[0m[1mmodule.eks.time_sleep.this[0]: Still creating... [20s elapsed][0m[0m
[0m[1mmodule.eks.time_sleep.this[0]: Creation complete after 30s [id=2024-12-17T17:52:16Z][0m
[0m[1mmodule.eks.module.eks_managed_node_group["two"].module.user_data.null_resource.validate_cluster_service_cidr: Creating...[0m[0m
[0m[1mmodule.eks.module.eks_managed_node_group["one"].module.user_data.null_resource.validate_cluster_service_cidr: Creating...[0m[0m
[0m[1mmodule.eks.module.eks_managed_node_group["two"].module.user_data.null_resource.validate_cluster_service_cidr: Creation complete after 0s [id=7966420940662953103][0m
[0m[1mmodule.eks.module.eks_managed_node_group["one"].aws_launch_template.this[0]: Creating...[0m[0m
[0m[1mmodule.eks.module.eks_managed_node_group["two"].aws_launch_template.this[0]: Creating...[0m[0m
[0m[1mmodule.eks.module.eks_managed_node_group["one"].module.user_data.null_resource.validate_cluster_service_cidr: Creation complete after 0s [id=1365235574807862387][0m
[0m[1mmodule.eks.module.eks_managed_node_group["two"].aws_launch_template.this[0]: Creation complete after 0s [id=lt-05552474513e05646][0m
[0m[1mmodule.eks.module.eks_managed_node_group["one"].aws_launch_template.this[0]: Creation complete after 0s [id=lt-04e36fc154e255fb4][0m
[0m[1mmodule.eks.module.eks_managed_node_group["one"].aws_eks_node_group.this[0]: Creating...[0m[0m
[0m[1mmodule.eks.module.eks_managed_node_group["two"].aws_eks_node_group.this[0]: Creating...[0m[0m
[0m[1mmodule.eks.module.eks_managed_node_group["two"].aws_eks_node_group.this[0]: Still creating... [10s elapsed][0m[0m
[0m[1mmodule.eks.module.eks_managed_node_group["one"].aws_eks_node_group.this[0]: Still creating... [10s elapsed][0m[0m
[0m[1mmodule.eks.module.eks_managed_node_group["one"].aws_eks_node_group.this[0]: Still creating... [20s elapsed][0m[0m
[0m[1mmodule.eks.module.eks_managed_node_group["two"].aws_eks_node_group.this[0]: Still creating... [20s elapsed][0m[0m
[0m[1mmodule.eks.module.eks_managed_node_group["two"].aws_eks_node_group.this[0]: Still creating... [30s elapsed][0m[0m
[0m[1mmodule.eks.module.eks_managed_node_group["one"].aws_eks_node_group.this[0]: Still creating... [30s elapsed][0m[0m
[0m[1mmodule.eks.module.eks_managed_node_group["one"].aws_eks_node_group.this[0]: Still creating... [40s elapsed][0m[0m
[0m[1mmodule.eks.module.eks_managed_node_group["two"].aws_eks_node_group.this[0]: Still creating... [40s elapsed][0m[0m
[0m[1mmodule.eks.module.eks_managed_node_group["two"].aws_eks_node_group.this[0]: Still creating... [50s elapsed][0m[0m
[0m[1mmodule.eks.module.eks_managed_node_group["one"].aws_eks_node_group.this[0]: Still creating... [50s elapsed][0m[0m
[0m[1mmodule.eks.module.eks_managed_node_group["one"].aws_eks_node_group.this[0]: Still creating... [1m0s elapsed][0m[0m
[0m[1mmodule.eks.module.eks_managed_node_group["two"].aws_eks_node_group.this[0]: Still creating... [1m0s elapsed][0m[0m
[0m[1mmodule.eks.module.eks_managed_node_group["two"].aws_eks_node_group.this[0]: Still creating... [1m10s elapsed][0m[0m
[0m[1mmodule.eks.module.eks_managed_node_group["one"].aws_eks_node_group.this[0]: Still creating... [1m10s elapsed][0m[0m
[0m[1mmodule.eks.module.eks_managed_node_group["two"].aws_eks_node_group.this[0]: Still creating... [1m20s elapsed][0m[0m
[0m[1mmodule.eks.module.eks_managed_node_group["one"].aws_eks_node_group.this[0]: Still creating... [1m20s elapsed][0m[0m
[0m[1mmodule.eks.module.eks_managed_node_group["one"].aws_eks_node_group.this[0]: Still creating... [1m30s elapsed][0m[0m
[0m[1mmodule.eks.module.eks_managed_node_group["two"].aws_eks_node_group.this[0]: Still creating... [1m30s elapsed][0m[0m
[0m[1mmodule.eks.module.eks_managed_node_group["two"].aws_eks_node_group.this[0]: Still creating... [1m40s elapsed][0m[0m
[0m[1mmodule.eks.module.eks_managed_node_group["one"].aws_eks_node_group.this[0]: Still creating... [1m40s elapsed][0m[0m
[0m[1mmodule.eks.module.eks_managed_node_group["two"].aws_eks_node_group.this[0]: Still creating... [1m50s elapsed][0m[0m
[0m[1mmodule.eks.module.eks_managed_node_group["one"].aws_eks_node_group.this[0]: Still creating... [1m50s elapsed][0m[0m
[0m[1mmodule.eks.module.eks_managed_node_group["two"].aws_eks_node_group.this[0]: Still creating... [2m0s elapsed][0m[0m
[0m[1mmodule.eks.module.eks_managed_node_group["one"].aws_eks_node_group.this[0]: Still creating... [2m0s elapsed][0m[0m
[0m[1mmodule.eks.module.eks_managed_node_group["two"].aws_eks_node_group.this[0]: Still creating... [2m10s elapsed][0m[0m
[0m[1mmodule.eks.module.eks_managed_node_group["one"].aws_eks_node_group.this[0]: Still creating... [2m10s elapsed][0m[0m
[0m[1mmodule.eks.module.eks_managed_node_group["one"].aws_eks_node_group.this[0]: Still creating... [2m20s elapsed][0m[0m
[0m[1mmodule.eks.module.eks_managed_node_group["two"].aws_eks_node_group.this[0]: Still creating... [2m20s elapsed][0m[0m
[0m[1mmodule.eks.module.eks_managed_node_group["one"].aws_eks_node_group.this[0]: Still creating... [2m30s elapsed][0m[0m
[0m[1mmodule.eks.module.eks_managed_node_group["two"].aws_eks_node_group.this[0]: Still creating... [2m30s elapsed][0m[0m
[0m[1mmodule.eks.module.eks_managed_node_group["two"].aws_eks_node_group.this[0]: Still creating... [2m40s elapsed][0m[0m
[0m[1mmodule.eks.module.eks_managed_node_group["one"].aws_eks_node_group.this[0]: Still creating... [2m40s elapsed][0m[0m
[0m[1mmodule.eks.module.eks_managed_node_group["one"].aws_eks_node_group.this[0]: Still creating... [2m50s elapsed][0m[0m
[0m[1mmodule.eks.module.eks_managed_node_group["two"].aws_eks_node_group.this[0]: Still creating... [2m50s elapsed][0m[0m
[0m[1mmodule.eks.module.eks_managed_node_group["two"].aws_eks_node_group.this[0]: Still creating... [3m0s elapsed][0m[0m
[0m[1mmodule.eks.module.eks_managed_node_group["one"].aws_eks_node_group.this[0]: Still creating... [3m0s elapsed][0m[0m
[0m[1mmodule.eks.module.eks_managed_node_group["one"].aws_eks_node_group.this[0]: Still creating... [3m10s elapsed][0m[0m
[0m[1mmodule.eks.module.eks_managed_node_group["two"].aws_eks_node_group.this[0]: Still creating... [3m10s elapsed][0m[0m
[0m[1mmodule.eks.module.eks_managed_node_group["two"].aws_eks_node_group.this[0]: Still creating... [3m20s elapsed][0m[0m
[0m[1mmodule.eks.module.eks_managed_node_group["one"].aws_eks_node_group.this[0]: Still creating... [3m20s elapsed][0m[0m
[0m[1mmodule.eks.module.eks_managed_node_group["one"].aws_eks_node_group.this[0]: Still creating... [3m30s elapsed][0m[0m
[0m[1mmodule.eks.module.eks_managed_node_group["two"].aws_eks_node_group.this[0]: Still creating... [3m30s elapsed][0m[0m
[0m[1mmodule.eks.module.eks_managed_node_group["two"].aws_eks_node_group.this[0]: Still creating... [3m40s elapsed][0m[0m
[0m[1mmodule.eks.module.eks_managed_node_group["one"].aws_eks_node_group.this[0]: Still creating... [3m40s elapsed][0m[0m
[0m[1mmodule.eks.module.eks_managed_node_group["one"].aws_eks_node_group.this[0]: Still creating... [3m50s elapsed][0m[0m
[0m[1mmodule.eks.module.eks_managed_node_group["two"].aws_eks_node_group.this[0]: Still creating... [3m50s elapsed][0m[0m
[0m[1mmodule.eks.module.eks_managed_node_group["two"].aws_eks_node_group.this[0]: Still creating... [4m0s elapsed][0m[0m
[0m[1mmodule.eks.module.eks_managed_node_group["one"].aws_eks_node_group.this[0]: Still creating... [4m0s elapsed][0m[0m
[0m[1mmodule.eks.module.eks_managed_node_group["one"].aws_eks_node_group.this[0]: Still creating... [4m10s elapsed][0m[0m
[0m[1mmodule.eks.module.eks_managed_node_group["two"].aws_eks_node_group.this[0]: Still creating... [4m10s elapsed][0m[0m
[0m[1mmodule.eks.module.eks_managed_node_group["two"].aws_eks_node_group.this[0]: Still creating... [4m20s elapsed][0m[0m
[0m[1mmodule.eks.module.eks_managed_node_group["one"].aws_eks_node_group.this[0]: Still creating... [4m20s elapsed][0m[0m
[0m[1mmodule.eks.module.eks_managed_node_group["one"].aws_eks_node_group.this[0]: Still creating... [4m30s elapsed][0m[0m
[0m[1mmodule.eks.module.eks_managed_node_group["two"].aws_eks_node_group.this[0]: Still creating... [4m30s elapsed][0m[0m
[0m[1mmodule.eks.module.eks_managed_node_group["two"].aws_eks_node_group.this[0]: Still creating... [4m40s elapsed][0m[0m
[0m[1mmodule.eks.module.eks_managed_node_group["one"].aws_eks_node_group.this[0]: Still creating... [4m40s elapsed][0m[0m
[0m[1mmodule.eks.module.eks_managed_node_group["one"].aws_eks_node_group.this[0]: Still creating... [4m50s elapsed][0m[0m
[0m[1mmodule.eks.module.eks_managed_node_group["two"].aws_eks_node_group.this[0]: Still creating... [4m50s elapsed][0m[0m
[0m[1mmodule.eks.module.eks_managed_node_group["two"].aws_eks_node_group.this[0]: Still creating... [5m0s elapsed][0m[0m
[0m[1mmodule.eks.module.eks_managed_node_group["one"].aws_eks_node_group.this[0]: Still creating... [5m0s elapsed][0m[0m
[0m[1mmodule.eks.module.eks_managed_node_group["one"].aws_eks_node_group.this[0]: Still creating... [5m10s elapsed][0m[0m
[0m[1mmodule.eks.module.eks_managed_node_group["two"].aws_eks_node_group.this[0]: Still creating... [5m10s elapsed][0m[0m
[0m[1mmodule.eks.module.eks_managed_node_group["two"].aws_eks_node_group.this[0]: Still creating... [5m20s elapsed][0m[0m
[0m[1mmodule.eks.module.eks_managed_node_group["one"].aws_eks_node_group.this[0]: Still creating... [5m20s elapsed][0m[0m
[0m[1mmodule.eks.module.eks_managed_node_group["two"].aws_eks_node_group.this[0]: Still creating... [5m30s elapsed][0m[0m
[0m[1mmodule.eks.module.eks_managed_node_group["one"].aws_eks_node_group.this[0]: Still creating... [5m30s elapsed][0m[0m
[0m[1mmodule.eks.module.eks_managed_node_group["two"].aws_eks_node_group.this[0]: Still creating... [5m40s elapsed][0m[0m
[0m[1mmodule.eks.module.eks_managed_node_group["one"].aws_eks_node_group.this[0]: Still creating... [5m40s elapsed][0m[0m
[0m[1mmodule.eks.module.eks_managed_node_group["one"].aws_eks_node_group.this[0]: Still creating... [5m50s elapsed][0m[0m
[0m[1mmodule.eks.module.eks_managed_node_group["two"].aws_eks_node_group.this[0]: Still creating... [5m50s elapsed][0m[0m
[0m[1mmodule.eks.module.eks_managed_node_group["one"].aws_eks_node_group.this[0]: Still creating... [6m0s elapsed][0m[0m
[0m[1mmodule.eks.module.eks_managed_node_group["two"].aws_eks_node_group.this[0]: Still creating... [6m0s elapsed][0m[0m
[0m[1mmodule.eks.module.eks_managed_node_group["two"].aws_eks_node_group.this[0]: Still creating... [6m10s elapsed][0m[0m
[0m[1mmodule.eks.module.eks_managed_node_group["one"].aws_eks_node_group.this[0]: Still creating... [6m10s elapsed][0m[0m
[0m[1mmodule.eks.module.eks_managed_node_group["one"].aws_eks_node_group.this[0]: Still creating... [6m20s elapsed][0m[0m
[0m[1mmodule.eks.module.eks_managed_node_group["two"].aws_eks_node_group.this[0]: Still creating... [6m20s elapsed][0m[0m
[0m[1mmodule.eks.module.eks_managed_node_group["two"].aws_eks_node_group.this[0]: Still creating... [6m30s elapsed][0m[0m
[0m[1mmodule.eks.module.eks_managed_node_group["one"].aws_eks_node_group.this[0]: Still creating... [6m30s elapsed][0m[0m
[0m[1mmodule.eks.module.eks_managed_node_group["one"].aws_eks_node_group.this[0]: Still creating... [6m40s elapsed][0m[0m
[0m[1mmodule.eks.module.eks_managed_node_group["two"].aws_eks_node_group.this[0]: Still creating... [6m40s elapsed][0m[0m
[0m[1mmodule.eks.module.eks_managed_node_group["two"].aws_eks_node_group.this[0]: Still creating... [6m50s elapsed][0m[0m
[0m[1mmodule.eks.module.eks_managed_node_group["one"].aws_eks_node_group.this[0]: Still creating... [6m50s elapsed][0m[0m
[0m[1mmodule.eks.module.eks_managed_node_group["one"].aws_eks_node_group.this[0]: Still creating... [7m0s elapsed][0m[0m
[0m[1mmodule.eks.module.eks_managed_node_group["two"].aws_eks_node_group.this[0]: Still creating... [7m0s elapsed][0m[0m
[0m[1mmodule.eks.module.eks_managed_node_group["two"].aws_eks_node_group.this[0]: Still creating... [7m10s elapsed][0m[0m
[0m[1mmodule.eks.module.eks_managed_node_group["one"].aws_eks_node_group.this[0]: Still creating... [7m10s elapsed][0m[0m
[0m[1mmodule.eks.module.eks_managed_node_group["two"].aws_eks_node_group.this[0]: Still creating... [7m20s elapsed][0m[0m
[0m[1mmodule.eks.module.eks_managed_node_group["one"].aws_eks_node_group.this[0]: Still creating... [7m20s elapsed][0m[0m
[0m[1mmodule.eks.module.eks_managed_node_group["one"].aws_eks_node_group.this[0]: Still creating... [7m30s elapsed][0m[0m
[0m[1mmodule.eks.module.eks_managed_node_group["two"].aws_eks_node_group.this[0]: Still creating... [7m30s elapsed][0m[0m
[0m[1mmodule.eks.module.eks_managed_node_group["two"].aws_eks_node_group.this[0]: Still creating... [7m40s elapsed][0m[0m
[0m[1mmodule.eks.module.eks_managed_node_group["one"].aws_eks_node_group.this[0]: Still creating... [7m40s elapsed][0m[0m
[0m[1mmodule.eks.module.eks_managed_node_group["one"].aws_eks_node_group.this[0]: Still creating... [7m50s elapsed][0m[0m
[0m[1mmodule.eks.module.eks_managed_node_group["two"].aws_eks_node_group.this[0]: Still creating... [7m50s elapsed][0m[0m
[0m[1mmodule.eks.module.eks_managed_node_group["two"].aws_eks_node_group.this[0]: Still creating... [8m0s elapsed][0m[0m
[0m[1mmodule.eks.module.eks_managed_node_group["one"].aws_eks_node_group.this[0]: Still creating... [8m0s elapsed][0m[0m
[0m[1mmodule.eks.module.eks_managed_node_group["one"].aws_eks_node_group.this[0]: Still creating... [8m10s elapsed][0m[0m
[0m[1mmodule.eks.module.eks_managed_node_group["two"].aws_eks_node_group.this[0]: Still creating... [8m10s elapsed][0m[0m
[0m[1mmodule.eks.module.eks_managed_node_group["one"].aws_eks_node_group.this[0]: Still creating... [8m20s elapsed][0m[0m
[0m[1mmodule.eks.module.eks_managed_node_group["two"].aws_eks_node_group.this[0]: Still creating... [8m20s elapsed][0m[0m
[0m[1mmodule.eks.module.eks_managed_node_group["two"].aws_eks_node_group.this[0]: Still creating... [8m30s elapsed][0m[0m
[0m[1mmodule.eks.module.eks_managed_node_group["one"].aws_eks_node_group.this[0]: Still creating... [8m30s elapsed][0m[0m
[0m[1mmodule.eks.module.eks_managed_node_group["one"].aws_eks_node_group.this[0]: Still creating... [8m40s elapsed][0m[0m
[0m[1mmodule.eks.module.eks_managed_node_group["two"].aws_eks_node_group.this[0]: Still creating... [8m40s elapsed][0m[0m
[0m[1mmodule.eks.module.eks_managed_node_group["two"].aws_eks_node_group.this[0]: Still creating... [8m50s elapsed][0m[0m
[0m[1mmodule.eks.module.eks_managed_node_group["one"].aws_eks_node_group.this[0]: Still creating... [8m50s elapsed][0m[0m
[0m[1mmodule.eks.module.eks_managed_node_group["one"].aws_eks_node_group.this[0]: Still creating... [9m0s elapsed][0m[0m
[0m[1mmodule.eks.module.eks_managed_node_group["two"].aws_eks_node_group.this[0]: Still creating... [9m0s elapsed][0m[0m
[0m[1mmodule.eks.module.eks_managed_node_group["two"].aws_eks_node_group.this[0]: Still creating... [9m15s elapsed][0m[0m
[0m[1mmodule.eks.module.eks_managed_node_group["one"].aws_eks_node_group.this[0]: Still creating... [9m15s elapsed][0m[0m
[0m[1mmodule.eks.module.eks_managed_node_group["one"].aws_eks_node_group.this[0]: Still creating... [9m25s elapsed][0m[0m
[0m[1mmodule.eks.module.eks_managed_node_group["two"].aws_eks_node_group.this[0]: Still creating... [9m25s elapsed][0m[0m
[0m[1mmodule.eks.module.eks_managed_node_group["two"].aws_eks_node_group.this[0]: Still creating... [9m35s elapsed][0m[0m
[0m[1mmodule.eks.module.eks_managed_node_group["one"].aws_eks_node_group.this[0]: Still creating... [9m35s elapsed][0m[0m
[0m[1mmodule.eks.module.eks_managed_node_group["one"].aws_eks_node_group.this[0]: Still creating... [9m45s elapsed][0m[0m
[0m[1mmodule.eks.module.eks_managed_node_group["two"].aws_eks_node_group.this[0]: Still creating... [9m45s elapsed][0m[0m
[0m[1mmodule.eks.module.eks_managed_node_group["two"].aws_eks_node_group.this[0]: Still creating... [9m55s elapsed][0m[0m
[0m[1mmodule.eks.module.eks_managed_node_group["one"].aws_eks_node_group.this[0]: Still creating... [9m55s elapsed][0m[0m
[0m[1mmodule.eks.module.eks_managed_node_group["one"].aws_eks_node_group.this[0]: Still creating... [10m5s elapsed][0m[0m
[0m[1mmodule.eks.module.eks_managed_node_group["two"].aws_eks_node_group.this[0]: Still creating... [10m5s elapsed][0m[0m
[0m[1mmodule.eks.module.eks_managed_node_group["one"].aws_eks_node_group.this[0]: Still creating... [10m15s elapsed][0m[0m
[0m[1mmodule.eks.module.eks_managed_node_group["two"].aws_eks_node_group.this[0]: Still creating... [10m15s elapsed][0m[0m
[0m[1mmodule.eks.module.eks_managed_node_group["two"].aws_eks_node_group.this[0]: Still creating... [10m25s elapsed][0m[0m
[0m[1mmodule.eks.module.eks_managed_node_group["one"].aws_eks_node_group.this[0]: Still creating... [10m25s elapsed][0m[0m
[0m[1mmodule.eks.module.eks_managed_node_group["one"].aws_eks_node_group.this[0]: Still creating... [10m35s elapsed][0m[0m
[0m[1mmodule.eks.module.eks_managed_node_group["two"].aws_eks_node_group.this[0]: Still creating... [10m35s elapsed][0m[0m
[0m[1mmodule.eks.module.eks_managed_node_group["two"].aws_eks_node_group.this[0]: Still creating... [10m45s elapsed][0m[0m
[0m[1mmodule.eks.module.eks_managed_node_group["one"].aws_eks_node_group.this[0]: Still creating... [10m45s elapsed][0m[0m
[0m[1mmodule.eks.module.eks_managed_node_group["two"].aws_eks_node_group.this[0]: Still creating... [10m55s elapsed][0m[0m
[0m[1mmodule.eks.module.eks_managed_node_group["one"].aws_eks_node_group.this[0]: Still creating... [10m55s elapsed][0m[0m
[0m[1mmodule.eks.module.eks_managed_node_group["two"].aws_eks_node_group.this[0]: Still creating... [11m5s elapsed][0m[0m
[0m[1mmodule.eks.module.eks_managed_node_group["one"].aws_eks_node_group.this[0]: Still creating... [11m5s elapsed][0m[0m
[0m[1mmodule.eks.module.eks_managed_node_group["one"].aws_eks_node_group.this[0]: Still creating... [11m15s elapsed][0m[0m
[0m[1mmodule.eks.module.eks_managed_node_group["two"].aws_eks_node_group.this[0]: Still creating... [11m15s elapsed][0m[0m
[0m[1mmodule.eks.module.eks_managed_node_group["two"].aws_eks_node_group.this[0]: Still creating... [11m25s elapsed][0m[0m
[0m[1mmodule.eks.module.eks_managed_node_group["one"].aws_eks_node_group.this[0]: Still creating... [11m25s elapsed][0m[0m
[0m[1mmodule.eks.module.eks_managed_node_group["two"].aws_eks_node_group.this[0]: Still creating... [11m35s elapsed][0m[0m
[0m[1mmodule.eks.module.eks_managed_node_group["one"].aws_eks_node_group.this[0]: Still creating... [11m35s elapsed][0m[0m
[0m[1mmodule.eks.module.eks_managed_node_group["one"].aws_eks_node_group.this[0]: Still creating... [11m45s elapsed][0m[0m
[0m[1mmodule.eks.module.eks_managed_node_group["two"].aws_eks_node_group.this[0]: Still creating... [11m45s elapsed][0m[0m
[0m[1mmodule.eks.module.eks_managed_node_group["two"].aws_eks_node_group.this[0]: Still creating... [11m55s elapsed][0m[0m
[0m[1mmodule.eks.module.eks_managed_node_group["one"].aws_eks_node_group.this[0]: Still creating... [11m55s elapsed][0m[0m
[0m[1mmodule.eks.module.eks_managed_node_group["two"].aws_eks_node_group.this[0]: Still creating... [12m5s elapsed][0m[0m
[0m[1mmodule.eks.module.eks_managed_node_group["one"].aws_eks_node_group.this[0]: Still creating... [12m5s elapsed][0m[0m
[0m[1mmodule.eks.module.eks_managed_node_group["one"].aws_eks_node_group.this[0]: Still creating... [12m15s elapsed][0m[0m
[0m[1mmodule.eks.module.eks_managed_node_group["two"].aws_eks_node_group.this[0]: Still creating... [12m15s elapsed][0m[0m
[0m[1mmodule.eks.module.eks_managed_node_group["two"].aws_eks_node_group.this[0]: Still creating... [12m25s elapsed][0m[0m
[0m[1mmodule.eks.module.eks_managed_node_group["one"].aws_eks_node_group.this[0]: Still creating... [12m25s elapsed][0m[0m
[0m[1mmodule.eks.module.eks_managed_node_group["one"].aws_eks_node_group.this[0]: Still creating... [12m35s elapsed][0m[0m
[0m[1mmodule.eks.module.eks_managed_node_group["two"].aws_eks_node_group.this[0]: Still creating... [12m35s elapsed][0m[0m
[0m[1mmodule.eks.module.eks_managed_node_group["two"].aws_eks_node_group.this[0]: Still creating... [12m46s elapsed][0m[0m
[0m[1mmodule.eks.module.eks_managed_node_group["one"].aws_eks_node_group.this[0]: Still creating... [12m46s elapsed][0m[0m
[0m[1mmodule.eks.module.eks_managed_node_group["one"].aws_eks_node_group.this[0]: Still creating... [12m56s elapsed][0m[0m
[0m[1mmodule.eks.module.eks_managed_node_group["two"].aws_eks_node_group.this[0]: Still creating... [12m56s elapsed][0m[0m
[0m[1mmodule.eks.module.eks_managed_node_group["two"].aws_eks_node_group.this[0]: Still creating... [13m6s elapsed][0m[0m
[0m[1mmodule.eks.module.eks_managed_node_group["one"].aws_eks_node_group.this[0]: Still creating... [13m6s elapsed][0m[0m
[0m[1mmodule.eks.module.eks_managed_node_group["one"].aws_eks_node_group.this[0]: Still creating... [13m16s elapsed][0m[0m
[0m[1mmodule.eks.module.eks_managed_node_group["two"].aws_eks_node_group.this[0]: Still creating... [13m16s elapsed][0m[0m
[0m[1mmodule.eks.module.eks_managed_node_group["two"].aws_eks_node_group.this[0]: Still creating... [13m26s elapsed][0m[0m
[0m[1mmodule.eks.module.eks_managed_node_group["one"].aws_eks_node_group.this[0]: Still creating... [13m26s elapsed][0m[0m
[0m[1mmodule.eks.module.eks_managed_node_group["one"].aws_eks_node_group.this[0]: Still creating... [13m36s elapsed][0m[0m
[0m[1mmodule.eks.module.eks_managed_node_group["two"].aws_eks_node_group.this[0]: Still creating... [13m36s elapsed][0m[0m
[0m[1mmodule.eks.module.eks_managed_node_group["two"].aws_eks_node_group.this[0]: Still creating... [13m46s elapsed][0m[0m
[0m[1mmodule.eks.module.eks_managed_node_group["one"].aws_eks_node_group.this[0]: Still creating... [13m46s elapsed][0m[0m
[0m[1mmodule.eks.module.eks_managed_node_group["two"].aws_eks_node_group.this[0]: Still creating... [13m56s elapsed][0m[0m
[0m[1mmodule.eks.module.eks_managed_node_group["one"].aws_eks_node_group.this[0]: Still creating... [13m56s elapsed][0m[0m
[0m[1mmodule.eks.module.eks_managed_node_group["one"].aws_eks_node_group.this[0]: Still creating... [14m6s elapsed][0m[0m
[0m[1mmodule.eks.module.eks_managed_node_group["two"].aws_eks_node_group.this[0]: Still creating... [14m6s elapsed][0m[0m
[0m[1mmodule.eks.module.eks_managed_node_group["two"].aws_eks_node_group.this[0]: Still creating... [14m16s elapsed][0m[0m
[0m[1mmodule.eks.module.eks_managed_node_group["one"].aws_eks_node_group.this[0]: Still creating... [14m16s elapsed][0m[0m
[0m[1mmodule.eks.module.eks_managed_node_group["one"].aws_eks_node_group.this[0]: Still creating... [14m26s elapsed][0m[0m
[0m[1mmodule.eks.module.eks_managed_node_group["two"].aws_eks_node_group.this[0]: Still creating... [14m26s elapsed][0m[0m
[0m[1mmodule.eks.module.eks_managed_node_group["two"].aws_eks_node_group.this[0]: Still creating... [14m36s elapsed][0m[0m
[0m[1mmodule.eks.module.eks_managed_node_group["one"].aws_eks_node_group.this[0]: Still creating... [14m36s elapsed][0m[0m
[0m[1mmodule.eks.module.eks_managed_node_group["two"].aws_eks_node_group.this[0]: Still creating... [14m46s elapsed][0m[0m
[0m[1mmodule.eks.module.eks_managed_node_group["one"].aws_eks_node_group.this[0]: Still creating... [14m46s elapsed][0m[0m
[0m[1mmodule.eks.module.eks_managed_node_group["one"].aws_eks_node_group.this[0]: Still creating... [14m56s elapsed][0m[0m
[0m[1mmodule.eks.module.eks_managed_node_group["two"].aws_eks_node_group.this[0]: Still creating... [14m56s elapsed][0m[0m
[0m[1mmodule.eks.module.eks_managed_node_group["two"].aws_eks_node_group.this[0]: Still creating... [15m6s elapsed][0m[0m
[0m[1mmodule.eks.module.eks_managed_node_group["one"].aws_eks_node_group.this[0]: Still creating... [15m6s elapsed][0m[0m
[0m[1mmodule.eks.module.eks_managed_node_group["one"].aws_eks_node_group.this[0]: Still creating... [15m16s elapsed][0m[0m
[0m[1mmodule.eks.module.eks_managed_node_group["two"].aws_eks_node_group.this[0]: Still creating... [15m16s elapsed][0m[0m
[0m[1mmodule.eks.module.eks_managed_node_group["one"].aws_eks_node_group.this[0]: Still creating... [15m26s elapsed][0m[0m
[0m[1mmodule.eks.module.eks_managed_node_group["two"].aws_eks_node_group.this[0]: Still creating... [15m26s elapsed][0m[0m
[0m[1mmodule.eks.module.eks_managed_node_group["two"].aws_eks_node_group.this[0]: Still creating... [15m36s elapsed][0m[0m
[0m[1mmodule.eks.module.eks_managed_node_group["one"].aws_eks_node_group.this[0]: Still creating... [15m36s elapsed][0m[0m
[0m[1mmodule.eks.module.eks_managed_node_group["one"].aws_eks_node_group.this[0]: Still creating... [15m46s elapsed][0m[0m
[0m[1mmodule.eks.module.eks_managed_node_group["two"].aws_eks_node_group.this[0]: Still creating... [15m46s elapsed][0m[0m
[0m[1mmodule.eks.module.eks_managed_node_group["two"].aws_eks_node_group.this[0]: Still creating... [15m56s elapsed][0m[0m
[0m[1mmodule.eks.module.eks_managed_node_group["one"].aws_eks_node_group.this[0]: Still creating... [15m56s elapsed][0m[0m
[0m[1mmodule.eks.module.eks_managed_node_group["two"].aws_eks_node_group.this[0]: Still creating... [16m6s elapsed][0m[0m
[0m[1mmodule.eks.module.eks_managed_node_group["one"].aws_eks_node_group.this[0]: Still creating... [16m6s elapsed][0m[0m
[0m[1mmodule.eks.module.eks_managed_node_group["one"].aws_eks_node_group.this[0]: Still creating... [16m16s elapsed][0m[0m
[0m[1mmodule.eks.module.eks_managed_node_group["two"].aws_eks_node_group.this[0]: Still creating... [16m16s elapsed][0m[0m
[0m[1mmodule.eks.module.eks_managed_node_group["two"].aws_eks_node_group.this[0]: Still creating... [16m26s elapsed][0m[0m
[0m[1mmodule.eks.module.eks_managed_node_group["one"].aws_eks_node_group.this[0]: Still creating... [16m26s elapsed][0m[0m
[0m[1mmodule.eks.module.eks_managed_node_group["two"].aws_eks_node_group.this[0]: Still creating... [16m36s elapsed][0m[0m
[0m[1mmodule.eks.module.eks_managed_node_group["one"].aws_eks_node_group.this[0]: Still creating... [16m36s elapsed][0m[0m
[0m[1mmodule.eks.module.eks_managed_node_group["one"].aws_eks_node_group.this[0]: Still creating... [16m46s elapsed][0m[0m
[0m[1mmodule.eks.module.eks_managed_node_group["two"].aws_eks_node_group.this[0]: Still creating... [16m46s elapsed][0m[0m
[0m[1mmodule.eks.module.eks_managed_node_group["two"].aws_eks_node_group.this[0]: Still creating... [16m56s elapsed][0m[0m
[0m[1mmodule.eks.module.eks_managed_node_group["one"].aws_eks_node_group.this[0]: Still creating... [16m56s elapsed][0m[0m
[0m[1mmodule.eks.module.eks_managed_node_group["one"].aws_eks_node_group.this[0]: Still creating... [17m6s elapsed][0m[0m
[0m[1mmodule.eks.module.eks_managed_node_group["two"].aws_eks_node_group.this[0]: Still creating... [17m6s elapsed][0m[0m
[0m[1mmodule.eks.module.eks_managed_node_group["two"].aws_eks_node_group.this[0]: Still creating... [17m16s elapsed][0m[0m
[0m[1mmodule.eks.module.eks_managed_node_group["one"].aws_eks_node_group.this[0]: Still creating... [17m16s elapsed][0m[0m
[0m[1mmodule.eks.module.eks_managed_node_group["one"].aws_eks_node_group.this[0]: Still creating... [17m26s elapsed][0m[0m
[0m[1mmodule.eks.module.eks_managed_node_group["two"].aws_eks_node_group.this[0]: Still creating... [17m26s elapsed][0m[0m
[0m[1mmodule.eks.module.eks_managed_node_group["two"].aws_eks_node_group.this[0]: Still creating... [17m36s elapsed][0m[0m
[0m[1mmodule.eks.module.eks_managed_node_group["one"].aws_eks_node_group.this[0]: Still creating... [17m36s elapsed][0m[0m
[0m[1mmodule.eks.module.eks_managed_node_group["one"].aws_eks_node_group.this[0]: Still creating... [17m46s elapsed][0m[0m
[0m[1mmodule.eks.module.eks_managed_node_group["two"].aws_eks_node_group.this[0]: Still creating... [17m46s elapsed][0m[0m
[0m[1mmodule.eks.module.eks_managed_node_group["two"].aws_eks_node_group.this[0]: Still creating... [17m56s elapsed][0m[0m
[0m[1mmodule.eks.module.eks_managed_node_group["one"].aws_eks_node_group.this[0]: Still creating... [17m56s elapsed][0m[0m
[0m[1mmodule.eks.module.eks_managed_node_group["one"].aws_eks_node_group.this[0]: Still creating... [18m6s elapsed][0m[0m
[0m[1mmodule.eks.module.eks_managed_node_group["two"].aws_eks_node_group.this[0]: Still creating... [18m6s elapsed][0m[0m
[0m[1mmodule.eks.module.eks_managed_node_group["two"].aws_eks_node_group.this[0]: Still creating... [18m16s elapsed][0m[0m
[0m[1mmodule.eks.module.eks_managed_node_group["one"].aws_eks_node_group.this[0]: Still creating... [18m16s elapsed][0m[0m
[0m[1mmodule.eks.module.eks_managed_node_group["one"].aws_eks_node_group.this[0]: Still creating... [18m26s elapsed][0m[0m
[0m[1mmodule.eks.module.eks_managed_node_group["two"].aws_eks_node_group.this[0]: Still creating... [18m26s elapsed][0m[0m
[0m[1mmodule.eks.module.eks_managed_node_group["two"].aws_eks_node_group.this[0]: Still creating... [18m36s elapsed][0m[0m
[0m[1mmodule.eks.module.eks_managed_node_group["one"].aws_eks_node_group.this[0]: Still creating... [18m36s elapsed][0m[0m
[0m[1mmodule.eks.module.eks_managed_node_group["one"].aws_eks_node_group.this[0]: Still creating... [18m46s elapsed][0m[0m
[0m[1mmodule.eks.module.eks_managed_node_group["two"].aws_eks_node_group.this[0]: Still creating... [18m46s elapsed][0m[0m
[0m[1mmodule.eks.module.eks_managed_node_group["two"].aws_eks_node_group.this[0]: Still creating... [18m56s elapsed][0m[0m
[0m[1mmodule.eks.module.eks_managed_node_group["one"].aws_eks_node_group.this[0]: Still creating... [18m56s elapsed][0m[0m
[0m[1mmodule.eks.module.eks_managed_node_group["one"].aws_eks_node_group.this[0]: Still creating... [19m6s elapsed][0m[0m
[0m[1mmodule.eks.module.eks_managed_node_group["two"].aws_eks_node_group.this[0]: Still creating... [19m6s elapsed][0m[0m
[0m[1mmodule.eks.module.eks_managed_node_group["two"].aws_eks_node_group.this[0]: Still creating... [19m16s elapsed][0m[0m
[0m[1mmodule.eks.module.eks_managed_node_group["one"].aws_eks_node_group.this[0]: Still creating... [19m16s elapsed][0m[0m
[0m[1mmodule.eks.module.eks_managed_node_group["one"].aws_eks_node_group.this[0]: Still creating... [19m26s elapsed][0m[0m
[0m[1mmodule.eks.module.eks_managed_node_group["two"].aws_eks_node_group.this[0]: Still creating... [19m26s elapsed][0m[0m
[0m[1mmodule.eks.module.eks_managed_node_group["two"].aws_eks_node_group.this[0]: Still creating... [19m36s elapsed][0m[0m
[0m[1mmodule.eks.module.eks_managed_node_group["one"].aws_eks_node_group.this[0]: Still creating... [19m36s elapsed][0m[0m
[0m[1mmodule.eks.module.eks_managed_node_group["one"].aws_eks_node_group.this[0]: Still creating... [19m46s elapsed][0m[0m
[0m[1mmodule.eks.module.eks_managed_node_group["two"].aws_eks_node_group.this[0]: Still creating... [19m46s elapsed][0m[0m
[0m[1mmodule.eks.module.eks_managed_node_group["two"].aws_eks_node_group.this[0]: Still creating... [19m56s elapsed][0m[0m
[0m[1mmodule.eks.module.eks_managed_node_group["one"].aws_eks_node_group.this[0]: Still creating... [19m56s elapsed][0m[0m
[0m[1mmodule.eks.module.eks_managed_node_group["one"].aws_eks_node_group.this[0]: Still creating... [20m6s elapsed][0m[0m
[0m[1mmodule.eks.module.eks_managed_node_group["two"].aws_eks_node_group.this[0]: Still creating... [20m6s elapsed][0m[0m
[0m[1mmodule.eks.module.eks_managed_node_group["two"].aws_eks_node_group.this[0]: Still creating... [20m16s elapsed][0m[0m
[0m[1mmodule.eks.module.eks_managed_node_group["one"].aws_eks_node_group.this[0]: Still creating... [20m16s elapsed][0m[0m
[0m[1mmodule.eks.module.eks_managed_node_group["one"].aws_eks_node_group.this[0]: Still creating... [20m26s elapsed][0m[0m
[0m[1mmodule.eks.module.eks_managed_node_group["two"].aws_eks_node_group.this[0]: Still creating... [20m26s elapsed][0m[0m
[0m[1mmodule.eks.module.eks_managed_node_group["two"].aws_eks_node_group.this[0]: Still creating... [20m36s elapsed][0m[0m
[0m[1mmodule.eks.module.eks_managed_node_group["one"].aws_eks_node_group.this[0]: Still creating... [20m36s elapsed][0m[0m
[0m[1mmodule.eks.module.eks_managed_node_group["one"].aws_eks_node_group.this[0]: Still creating... [20m46s elapsed][0m[0m
[0m[1mmodule.eks.module.eks_managed_node_group["two"].aws_eks_node_group.this[0]: Still creating... [20m46s elapsed][0m[0m
[0m[1mmodule.eks.module.eks_managed_node_group["two"].aws_eks_node_group.this[0]: Still creating... [20m56s elapsed][0m[0m
[0m[1mmodule.eks.module.eks_managed_node_group["one"].aws_eks_node_group.this[0]: Still creating... [20m56s elapsed][0m[0m
[0m[1mmodule.eks.module.eks_managed_node_group["one"].aws_eks_node_group.this[0]: Still creating... [21m6s elapsed][0m[0m
[0m[1mmodule.eks.module.eks_managed_node_group["two"].aws_eks_node_group.this[0]: Still creating... [21m6s elapsed][0m[0m
[0m[1mmodule.eks.module.eks_managed_node_group["two"].aws_eks_node_group.this[0]: Still creating... [21m16s elapsed][0m[0m
[0m[1mmodule.eks.module.eks_managed_node_group["one"].aws_eks_node_group.this[0]: Still creating... [21m16s elapsed][0m[0m
[0m[1mmodule.eks.module.eks_managed_node_group["one"].aws_eks_node_group.this[0]: Still creating... [21m26s elapsed][0m[0m
[0m[1mmodule.eks.module.eks_managed_node_group["two"].aws_eks_node_group.this[0]: Still creating... [21m26s elapsed][0m[0m
[0m[1mmodule.eks.module.eks_managed_node_group["two"].aws_eks_node_group.this[0]: Still creating... [21m36s elapsed][0m[0m
[0m[1mmodule.eks.module.eks_managed_node_group["one"].aws_eks_node_group.this[0]: Still creating... [21m36s elapsed][0m[0m
[0m[1mmodule.eks.module.eks_managed_node_group["one"].aws_eks_node_group.this[0]: Still creating... [21m46s elapsed][0m[0m
[0m[1mmodule.eks.module.eks_managed_node_group["two"].aws_eks_node_group.this[0]: Still creating... [21m46s elapsed][0m[0m
[0m[1mmodule.eks.module.eks_managed_node_group["one"].aws_eks_node_group.this[0]: Still creating... [21m56s elapsed][0m[0m
[0m[1mmodule.eks.module.eks_managed_node_group["two"].aws_eks_node_group.this[0]: Still creating... [21m56s elapsed][0m[0m
[0m[1mmodule.eks.module.eks_managed_node_group["one"].aws_eks_node_group.this[0]: Still creating... [22m6s elapsed][0m[0m
[0m[1mmodule.eks.module.eks_managed_node_group["two"].aws_eks_node_group.this[0]: Still creating... [22m6s elapsed][0m[0m
[0m[1mmodule.eks.module.eks_managed_node_group["one"].aws_eks_node_group.this[0]: Still creating... [22m16s elapsed][0m[0m
[0m[1mmodule.eks.module.eks_managed_node_group["two"].aws_eks_node_group.this[0]: Still creating... [22m16s elapsed][0m[0m
[0m[1mmodule.eks.module.eks_managed_node_group["two"].aws_eks_node_group.this[0]: Still creating... [22m26s elapsed][0m[0m
[0m[1mmodule.eks.module.eks_managed_node_group["one"].aws_eks_node_group.this[0]: Still creating... [22m26s elapsed][0m[0m
[0m[1mmodule.eks.module.eks_managed_node_group["one"].aws_eks_node_group.this[0]: Still creating... [22m36s elapsed][0m[0m
[0m[1mmodule.eks.module.eks_managed_node_group["two"].aws_eks_node_group.this[0]: Still creating... [22m36s elapsed][0m[0m
[0m[1mmodule.eks.module.eks_managed_node_group["two"].aws_eks_node_group.this[0]: Still creating... [22m46s elapsed][0m[0m
[0m[1mmodule.eks.module.eks_managed_node_group["one"].aws_eks_node_group.this[0]: Still creating... [22m46s elapsed][0m[0m
[0m[1mmodule.eks.module.eks_managed_node_group["one"].aws_eks_node_group.this[0]: Still creating... [22m56s elapsed][0m[0m
[0m[1mmodule.eks.module.eks_managed_node_group["two"].aws_eks_node_group.this[0]: Still creating... [22m56s elapsed][0m[0m
[0m[1mmodule.eks.module.eks_managed_node_group["two"].aws_eks_node_group.this[0]: Still creating... [23m6s elapsed][0m[0m
[0m[1mmodule.eks.module.eks_managed_node_group["one"].aws_eks_node_group.this[0]: Still creating... [23m6s elapsed][0m[0m
[0m[1mmodule.eks.module.eks_managed_node_group["one"].aws_eks_node_group.this[0]: Still creating... [23m16s elapsed][0m[0m
